// !$*UTF8*$!
{
	archiveVersion = 1;
	classes = {
	};
	objectVersion = 46;
	objects = {

/* Begin PBXBuildFile section */
		C0009E2B1EC43BE200C80642 /* HXLectureView.xib in Resources */ = {isa = PBXBuildFile; fileRef = C0009E2A1EC43BE200C80642 /* HXLectureView.xib */; };
		C00367081EA5851500C4DE0C /* HXCourseEditBox.swift in Sources */ = {isa = PBXBuildFile; fileRef = C00367071EA5851500C4DE0C /* HXCourseEditBox.swift */; };
		C00382A61F3BA7F700CCFF11 /* MenuBarLectureItem.xib in Resources */ = {isa = PBXBuildFile; fileRef = C00382A51F3BA7F700CCFF11 /* MenuBarLectureItem.xib */; };
		C00382A81F3BA8E800CCFF11 /* MenuBarLectureItem.swift in Sources */ = {isa = PBXBuildFile; fileRef = C00382A71F3BA8E800CCFF11 /* MenuBarLectureItem.swift */; };
		C00719D01EF5FA9100161A7D /* Course+CoreDataClass.swift in Sources */ = {isa = PBXBuildFile; fileRef = C00719CE1EF5FA9100161A7D /* Course+CoreDataClass.swift */; };
		C00719D41EF5FC9900161A7D /* Semester+CoreDataClass.swift in Sources */ = {isa = PBXBuildFile; fileRef = C00719D21EF5FC9900161A7D /* Semester+CoreDataClass.swift */; };
		C00719D71EF5FE0900161A7D /* HXTimeFormatter.swift in Sources */ = {isa = PBXBuildFile; fileRef = C00719D61EF5FE0900161A7D /* HXTimeFormatter.swift */; };
		C0150EE81EA5AD6800BBBFA6 /* CourseLabel.swift in Sources */ = {isa = PBXBuildFile; fileRef = C0150EE71EA5AD6800BBBFA6 /* CourseLabel.swift */; };
		C02231971F114DD7009A421B /* HXScheduler.xib in Resources */ = {isa = PBXBuildFile; fileRef = C02231961F114DD7009A421B /* HXScheduler.xib */; };
		C022319B1F114E51009A421B /* HXScheduleBox.swift in Sources */ = {isa = PBXBuildFile; fileRef = C022319A1F114E51009A421B /* HXScheduleBox.swift */; };
		C022319D1F115669009A421B /* SchedulerViewController.swift in Sources */ = {isa = PBXBuildFile; fileRef = C022319C1F115669009A421B /* SchedulerViewController.swift */; };
		C025FD9B1EC2A4970090A287 /* HXLectureBox.xib in Resources */ = {isa = PBXBuildFile; fileRef = C025FD9A1EC2A4970090A287 /* HXLectureBox.xib */; };
		C025FD9D1EC2A68F0090A287 /* HXWeekBox.xib in Resources */ = {isa = PBXBuildFile; fileRef = C025FD9C1EC2A68F0090A287 /* HXWeekBox.xib */; };
		C025FDA31EC2E29B0090A287 /* HXLectureBox.swift in Sources */ = {isa = PBXBuildFile; fileRef = C025FDA21EC2E29B0090A287 /* HXLectureBox.swift */; };
		C02A8AC81F38AADC00B7CD5D /* pref.plist in Resources */ = {isa = PBXBuildFile; fileRef = C02A8AC71F38AADC00B7CD5D /* pref.plist */; };
		C02DB94F1F019BFF00044001 /* HXAbsentLectureBox.xib in Resources */ = {isa = PBXBuildFile; fileRef = C02DB94E1F019BFF00044001 /* HXAbsentLectureBox.xib */; };
		C02DB9511F019C5B00044001 /* HXAbsentLectureBox.swift in Sources */ = {isa = PBXBuildFile; fileRef = C02DB9501F019C5B00044001 /* HXAbsentLectureBox.swift */; };
		C03AF8161EB856860028BA68 /* MasterWindowController.swift in Sources */ = {isa = PBXBuildFile; fileRef = C03AF8151EB856860028BA68 /* MasterWindowController.swift */; };
		C049A6411F3429F100685CF9 /* LectureCollectionViewItem.swift in Sources */ = {isa = PBXBuildFile; fileRef = C049A63F1F3429F100685CF9 /* LectureCollectionViewItem.swift */; };
		C049A6421F3429F100685CF9 /* LectureCollectionViewItem.xib in Resources */ = {isa = PBXBuildFile; fileRef = C049A6401F3429F100685CF9 /* LectureCollectionViewItem.xib */; };
		C049A6441F34322000685CF9 /* LectureHeaderView.xib in Resources */ = {isa = PBXBuildFile; fileRef = C049A6431F34322000685CF9 /* LectureHeaderView.xib */; };
		C049A6481F3433A400685CF9 /* LectureHeaderView.swift in Sources */ = {isa = PBXBuildFile; fileRef = C049A6471F3433A400685CF9 /* LectureHeaderView.swift */; };
		C04F7A161F0DA3BB00490938 /* ScheduleAssistant.swift in Sources */ = {isa = PBXBuildFile; fileRef = C04F7A151F0DA3BB00490938 /* ScheduleAssistant.swift */; };
		C057FD151EE4A00300A62D9F /* HXFindView.xib in Resources */ = {isa = PBXBuildFile; fileRef = C057FD141EE4A00300A62D9F /* HXFindView.xib */; };
		C057FD171EE4A00F00A62D9F /* HXPrintView.xib in Resources */ = {isa = PBXBuildFile; fileRef = C057FD161EE4A00F00A62D9F /* HXPrintView.xib */; };
		C057FD191EE4A01800A62D9F /* HXExportView.xib in Resources */ = {isa = PBXBuildFile; fileRef = C057FD181EE4A01800A62D9F /* HXExportView.xib */; };
		C057FD1D1EE4B0BC00A62D9F /* HXFindViewController.swift in Sources */ = {isa = PBXBuildFile; fileRef = C057FD1C1EE4B0BC00A62D9F /* HXFindViewController.swift */; };
		C057FD201EE4B0CA00A62D9F /* HXExportViewController.swift in Sources */ = {isa = PBXBuildFile; fileRef = C057FD1E1EE4B0CA00A62D9F /* HXExportViewController.swift */; };
		C06017241F12D638001EDE97 /* HXTimeSlotBox.xib in Resources */ = {isa = PBXBuildFile; fileRef = C06017231F12D638001EDE97 /* HXTimeSlotBox.xib */; };
		C06017261F12D67B001EDE97 /* HXTimeSlotBox.swift in Sources */ = {isa = PBXBuildFile; fileRef = C06017251F12D67B001EDE97 /* HXTimeSlotBox.swift */; };
		C0613E7D1F4A367600389D44 /* WorkAdderLectureController.swift in Sources */ = {isa = PBXBuildFile; fileRef = C0613E7B1F4A367600389D44 /* WorkAdderLectureController.swift */; };
		C0613E7E1F4A367600389D44 /* WorkAdderLectureController.xib in Resources */ = {isa = PBXBuildFile; fileRef = C0613E7C1F4A367600389D44 /* WorkAdderLectureController.xib */; };
		C0613E821F4A369A00389D44 /* ExamAdderViewController.swift in Sources */ = {isa = PBXBuildFile; fileRef = C0613E801F4A369A00389D44 /* ExamAdderViewController.swift */; };
		C0613E831F4A369A00389D44 /* ExamAdderViewController.xib in Resources */ = {isa = PBXBuildFile; fileRef = C0613E811F4A369A00389D44 /* ExamAdderViewController.xib */; };
		C0613E851F4A6BF000389D44 /* HXWorkBox.swift in Sources */ = {isa = PBXBuildFile; fileRef = C0613E841F4A6BF000389D44 /* HXWorkBox.swift */; };
		C0613E871F4A6C0100389D44 /* HXWorkBox.xib in Resources */ = {isa = PBXBuildFile; fileRef = C0613E861F4A6C0100389D44 /* HXWorkBox.xib */; };
		C0613E891F4A6C3C00389D44 /* HXExamBox.swift in Sources */ = {isa = PBXBuildFile; fileRef = C0613E881F4A6C3C00389D44 /* HXExamBox.swift */; };
		C0613E8B1F4A6C4500389D44 /* HXExamBox.xib in Resources */ = {isa = PBXBuildFile; fileRef = C0613E8A1F4A6C4500389D44 /* HXExamBox.xib */; };
		C069202C1F33046600D04234 /* PreferencesViewController.swift in Sources */ = {isa = PBXBuildFile; fileRef = C069202A1F33046600D04234 /* PreferencesViewController.swift */; };
		C069202D1F33046600D04234 /* PreferencesView.xib in Resources */ = {isa = PBXBuildFile; fileRef = C069202B1F33046600D04234 /* PreferencesView.xib */; };
		C06920301F330F2200D04234 /* PreferencesNavViewController.swift in Sources */ = {isa = PBXBuildFile; fileRef = C069202E1F330F2200D04234 /* PreferencesNavViewController.swift */; };
		C06920311F330F2200D04234 /* PreferencesNavView.xib in Resources */ = {isa = PBXBuildFile; fileRef = C069202F1F330F2200D04234 /* PreferencesNavView.xib */; };
		C081A6AA1F19940000C8E1FB /* MenuBarPopoverViewController.swift in Sources */ = {isa = PBXBuildFile; fileRef = C081A6A81F19940000C8E1FB /* MenuBarPopoverViewController.swift */; };
		C081A6AB1F19940000C8E1FB /* MenuBarPopover.xib in Resources */ = {isa = PBXBuildFile; fileRef = C081A6A91F19940000C8E1FB /* MenuBarPopover.xib */; };
		C081A6AD1F19991400C8E1FB /* EventMonitor.swift in Sources */ = {isa = PBXBuildFile; fileRef = C081A6AC1F19991400C8E1FB /* EventMonitor.swift */; };
		C0824D651EEE28C4007DC002 /* HXFindReplaceView.xib in Resources */ = {isa = PBXBuildFile; fileRef = C0824D641EEE28C4007DC002 /* HXFindReplaceView.xib */; };
		C084BDAC1F47F33D00D624DF /* SidebarPageController.swift in Sources */ = {isa = PBXBuildFile; fileRef = C084BDAB1F47F33D00D624DF /* SidebarPageController.swift */; };
		C084BDAF1F47F90A00D624DF /* SemesterPageViewController.swift in Sources */ = {isa = PBXBuildFile; fileRef = C084BDAD1F47F90A00D624DF /* SemesterPageViewController.swift */; };
		C084BDB01F47F90A00D624DF /* SemesterPageViewController.xib in Resources */ = {isa = PBXBuildFile; fileRef = C084BDAE1F47F90A00D624DF /* SemesterPageViewController.xib */; };
		C084BDB31F47F91700D624DF /* CoursePageViewController.swift in Sources */ = {isa = PBXBuildFile; fileRef = C084BDB11F47F91700D624DF /* CoursePageViewController.swift */; };
		C084BDB41F47F91700D624DF /* CoursePageViewController.xib in Resources */ = {isa = PBXBuildFile; fileRef = C084BDB21F47F91700D624DF /* CoursePageViewController.xib */; };
		C087C2701EEFE8F300E70469 /* HXFindReplaceViewController.swift in Sources */ = {isa = PBXBuildFile; fileRef = C087C26E1EEFE8F300E70469 /* HXFindReplaceViewController.swift */; };
		C095D7811EB9461900BBE7CB /* EditorViewController.swift in Sources */ = {isa = PBXBuildFile; fileRef = C095D7801EB9461900BBE7CB /* EditorViewController.swift */; };
		C095D7831EB9578700BBE7CB /* HXCourseEditBox.xib in Resources */ = {isa = PBXBuildFile; fileRef = C095D7821EB9578700BBE7CB /* HXCourseEditBox.xib */; };
		C09B45261EDFADCB007CCC05 /* HXCourseAddBox.xib in Resources */ = {isa = PBXBuildFile; fileRef = C09B45251EDFADCB007CCC05 /* HXCourseAddBox.xib */; };
		C09B452A1EDFAED5007CCC05 /* HXCourseAddBox.swift in Sources */ = {isa = PBXBuildFile; fileRef = C09B45291EDFAED5007CCC05 /* HXCourseAddBox.swift */; };
		C09EBEBD1EAF20B700A6D72C /* MasterViewController.swift in Sources */ = {isa = PBXBuildFile; fileRef = C09EBEBC1EAF20B700A6D72C /* MasterViewController.swift */; };
		C0A5327F1F43EB3100829C1F /* TimeSlot+CoreDataClass.swift in Sources */ = {isa = PBXBuildFile; fileRef = C0A5327E1F43EB3100829C1F /* TimeSlot+CoreDataClass.swift */; };
		C0AAE1361EA2BD12002939B6 /* AppDelegate.swift in Sources */ = {isa = PBXBuildFile; fileRef = C0AAE1351EA2BD12002939B6 /* AppDelegate.swift */; };
		C0AAE13D1EA2BD12002939B6 /* Assets.xcassets in Resources */ = {isa = PBXBuildFile; fileRef = C0AAE13C1EA2BD12002939B6 /* Assets.xcassets */; };
		C0AAE1401EA2BD12002939B6 /* Main.storyboard in Resources */ = {isa = PBXBuildFile; fileRef = C0AAE13E1EA2BD12002939B6 /* Main.storyboard */; };
		C0AAE14B1EA2BD13002939B6 /* HXNotesTests.swift in Sources */ = {isa = PBXBuildFile; fileRef = C0AAE14A1EA2BD13002939B6 /* HXNotesTests.swift */; };
		C0AAE1561EA2BD13002939B6 /* HXNotesUITests.swift in Sources */ = {isa = PBXBuildFile; fileRef = C0AAE1551EA2BD13002939B6 /* HXNotesUITests.swift */; };
		C0B68EF71EC3EA1E00E86439 /* HXWeekBox.swift in Sources */ = {isa = PBXBuildFile; fileRef = C0B68EF61EC3EA1E00E86439 /* HXWeekBox.swift */; };
		C0B795911EFFA10800A0C527 /* HXAlertDropdown.swift in Sources */ = {isa = PBXBuildFile; fileRef = C0B7958F1EFFA10800A0C527 /* HXAlertDropdown.swift */; };
		C0B795921EFFA10800A0C527 /* HXAlertDropdown.xib in Resources */ = {isa = PBXBuildFile; fileRef = C0B795901EFFA10800A0C527 /* HXAlertDropdown.xib */; };
		C0B795951EFFA11D00A0C527 /* HXAlertOverlay.swift in Sources */ = {isa = PBXBuildFile; fileRef = C0B795931EFFA11D00A0C527 /* HXAlertOverlay.swift */; };
		C0B795961EFFA11D00A0C527 /* HXAlertOverlay.xib in Resources */ = {isa = PBXBuildFile; fileRef = C0B795941EFFA11D00A0C527 /* HXAlertOverlay.xib */; };
		C0B795991EFFA12700A0C527 /* HXAlertSidebar.swift in Sources */ = {isa = PBXBuildFile; fileRef = C0B795971EFFA12700A0C527 /* HXAlertSidebar.swift */; };
		C0B7959A1EFFA12700A0C527 /* HXAlertSidebar.xib in Resources */ = {isa = PBXBuildFile; fileRef = C0B795981EFFA12700A0C527 /* HXAlertSidebar.xib */; };
		C0B795A01EFFA7BB00A0C527 /* Alert.swift in Sources */ = {isa = PBXBuildFile; fileRef = C0B7959F1EFFA7BB00A0C527 /* Alert.swift */; };
		C0D1A16D1ECAF96D006A17B2 /* HXFlippedClipView.swift in Sources */ = {isa = PBXBuildFile; fileRef = C0D1A16C1ECAF96D006A17B2 /* HXFlippedClipView.swift */; };
		C0D7CEE71F0DF48800062B59 /* HXNotes.xcdatamodeld in Sources */ = {isa = PBXBuildFile; fileRef = C0D7CEE51F0DF48800062B59 /* HXNotes.xcdatamodeld */; };
		C0E96E741ED7641000705A35 /* HXTextView.swift in Sources */ = {isa = PBXBuildFile; fileRef = C0E96E731ED7641000705A35 /* HXTextView.swift */; };
		C0FD6C231EC273C200338F1C /* HXCourseBox.swift in Sources */ = {isa = PBXBuildFile; fileRef = C0FD6C221EC273C200338F1C /* HXCourseBox.swift */; };
		C0FD6C261EC273DA00338F1C /* HXCourseBox.xib in Resources */ = {isa = PBXBuildFile; fileRef = C0FD6C251EC273DA00338F1C /* HXCourseBox.xib */; };
/* End PBXBuildFile section */

/* Begin PBXBuildRule section */
		C01A78D01F0DF2B1009DFE70 /* PBXBuildRule */ = {
			isa = PBXBuildRule;
			compilerSpec = com.apple.compilers.model.coredata;
			fileType = wrapper.xcdatamodeld;
			isEditable = 1;
			outputFiles = (
			);
			script = "# momc\n";
		};
/* End PBXBuildRule section */

/* Begin PBXContainerItemProxy section */
		C0AAE1471EA2BD13002939B6 /* PBXContainerItemProxy */ = {
			isa = PBXContainerItemProxy;
			containerPortal = C0AAE12A1EA2BD12002939B6 /* Project object */;
			proxyType = 1;
			remoteGlobalIDString = C0AAE1311EA2BD12002939B6;
			remoteInfo = HXNotes;
		};
		C0AAE1521EA2BD13002939B6 /* PBXContainerItemProxy */ = {
			isa = PBXContainerItemProxy;
			containerPortal = C0AAE12A1EA2BD12002939B6 /* Project object */;
			proxyType = 1;
			remoteGlobalIDString = C0AAE1311EA2BD12002939B6;
			remoteInfo = HXNotes;
		};
/* End PBXContainerItemProxy section */

/* Begin PBXFileReference section */
		C0009E2A1EC43BE200C80642 /* HXLectureView.xib */ = {isa = PBXFileReference; fileEncoding = 4; lastKnownFileType = file.xib; path = HXLectureView.xib; sourceTree = "<group>"; };
		C00367071EA5851500C4DE0C /* HXCourseEditBox.swift */ = {isa = PBXFileReference; fileEncoding = 4; lastKnownFileType = sourcecode.swift; path = HXCourseEditBox.swift; sourceTree = "<group>"; };
		C00382A51F3BA7F700CCFF11 /* MenuBarLectureItem.xib */ = {isa = PBXFileReference; fileEncoding = 4; lastKnownFileType = file.xib; path = MenuBarLectureItem.xib; sourceTree = "<group>"; };
		C00382A71F3BA8E800CCFF11 /* MenuBarLectureItem.swift */ = {isa = PBXFileReference; fileEncoding = 4; lastKnownFileType = sourcecode.swift; path = MenuBarLectureItem.swift; sourceTree = "<group>"; };
		C00719CE1EF5FA9100161A7D /* Course+CoreDataClass.swift */ = {isa = PBXFileReference; fileEncoding = 4; lastKnownFileType = sourcecode.swift; path = "Course+CoreDataClass.swift"; sourceTree = "<group>"; };
		C00719D21EF5FC9900161A7D /* Semester+CoreDataClass.swift */ = {isa = PBXFileReference; fileEncoding = 4; lastKnownFileType = sourcecode.swift; path = "Semester+CoreDataClass.swift"; sourceTree = "<group>"; };
		C00719D61EF5FE0900161A7D /* HXTimeFormatter.swift */ = {isa = PBXFileReference; fileEncoding = 4; lastKnownFileType = sourcecode.swift; path = HXTimeFormatter.swift; sourceTree = "<group>"; };
		C0150EE71EA5AD6800BBBFA6 /* CourseLabel.swift */ = {isa = PBXFileReference; fileEncoding = 4; lastKnownFileType = sourcecode.swift; path = CourseLabel.swift; sourceTree = "<group>"; };
		C02231961F114DD7009A421B /* HXScheduler.xib */ = {isa = PBXFileReference; fileEncoding = 4; lastKnownFileType = file.xib; path = HXScheduler.xib; sourceTree = "<group>"; };
		C022319A1F114E51009A421B /* HXScheduleBox.swift */ = {isa = PBXFileReference; fileEncoding = 4; lastKnownFileType = sourcecode.swift; path = HXScheduleBox.swift; sourceTree = "<group>"; };
		C022319C1F115669009A421B /* SchedulerViewController.swift */ = {isa = PBXFileReference; fileEncoding = 4; lastKnownFileType = sourcecode.swift; path = SchedulerViewController.swift; sourceTree = "<group>"; };
		C025FD9A1EC2A4970090A287 /* HXLectureBox.xib */ = {isa = PBXFileReference; fileEncoding = 4; lastKnownFileType = file.xib; path = HXLectureBox.xib; sourceTree = "<group>"; };
		C025FD9C1EC2A68F0090A287 /* HXWeekBox.xib */ = {isa = PBXFileReference; fileEncoding = 4; lastKnownFileType = file.xib; path = HXWeekBox.xib; sourceTree = "<group>"; };
		C025FDA21EC2E29B0090A287 /* HXLectureBox.swift */ = {isa = PBXFileReference; fileEncoding = 4; lastKnownFileType = sourcecode.swift; path = HXLectureBox.swift; sourceTree = "<group>"; };
		C02A8AC71F38AADC00B7CD5D /* pref.plist */ = {isa = PBXFileReference; fileEncoding = 4; lastKnownFileType = text.plist.xml; path = pref.plist; sourceTree = "<group>"; };
		C02DB94E1F019BFF00044001 /* HXAbsentLectureBox.xib */ = {isa = PBXFileReference; fileEncoding = 4; lastKnownFileType = file.xib; path = HXAbsentLectureBox.xib; sourceTree = "<group>"; };
		C02DB9501F019C5B00044001 /* HXAbsentLectureBox.swift */ = {isa = PBXFileReference; fileEncoding = 4; lastKnownFileType = sourcecode.swift; path = HXAbsentLectureBox.swift; sourceTree = "<group>"; };
		C03AF8151EB856860028BA68 /* MasterWindowController.swift */ = {isa = PBXFileReference; fileEncoding = 4; lastKnownFileType = sourcecode.swift; path = MasterWindowController.swift; sourceTree = "<group>"; };
		C049A63F1F3429F100685CF9 /* LectureCollectionViewItem.swift */ = {isa = PBXFileReference; fileEncoding = 4; lastKnownFileType = sourcecode.swift; path = LectureCollectionViewItem.swift; sourceTree = "<group>"; };
		C049A6401F3429F100685CF9 /* LectureCollectionViewItem.xib */ = {isa = PBXFileReference; fileEncoding = 4; lastKnownFileType = file.xib; path = LectureCollectionViewItem.xib; sourceTree = "<group>"; };
		C049A6431F34322000685CF9 /* LectureHeaderView.xib */ = {isa = PBXFileReference; fileEncoding = 4; lastKnownFileType = file.xib; path = LectureHeaderView.xib; sourceTree = "<group>"; };
		C049A6471F3433A400685CF9 /* LectureHeaderView.swift */ = {isa = PBXFileReference; fileEncoding = 4; lastKnownFileType = sourcecode.swift; path = LectureHeaderView.swift; sourceTree = "<group>"; };
		C04F7A151F0DA3BB00490938 /* ScheduleAssistant.swift */ = {isa = PBXFileReference; fileEncoding = 4; lastKnownFileType = sourcecode.swift; path = ScheduleAssistant.swift; sourceTree = "<group>"; };
		C057FD141EE4A00300A62D9F /* HXFindView.xib */ = {isa = PBXFileReference; fileEncoding = 4; lastKnownFileType = file.xib; path = HXFindView.xib; sourceTree = "<group>"; };
		C057FD161EE4A00F00A62D9F /* HXPrintView.xib */ = {isa = PBXFileReference; fileEncoding = 4; lastKnownFileType = file.xib; path = HXPrintView.xib; sourceTree = "<group>"; };
		C057FD181EE4A01800A62D9F /* HXExportView.xib */ = {isa = PBXFileReference; fileEncoding = 4; lastKnownFileType = file.xib; path = HXExportView.xib; sourceTree = "<group>"; };
		C057FD1C1EE4B0BC00A62D9F /* HXFindViewController.swift */ = {isa = PBXFileReference; fileEncoding = 4; lastKnownFileType = sourcecode.swift; path = HXFindViewController.swift; sourceTree = "<group>"; };
		C057FD1E1EE4B0CA00A62D9F /* HXExportViewController.swift */ = {isa = PBXFileReference; fileEncoding = 4; lastKnownFileType = sourcecode.swift; path = HXExportViewController.swift; sourceTree = "<group>"; };
		C06017231F12D638001EDE97 /* HXTimeSlotBox.xib */ = {isa = PBXFileReference; fileEncoding = 4; lastKnownFileType = file.xib; path = HXTimeSlotBox.xib; sourceTree = "<group>"; };
		C06017251F12D67B001EDE97 /* HXTimeSlotBox.swift */ = {isa = PBXFileReference; fileEncoding = 4; lastKnownFileType = sourcecode.swift; path = HXTimeSlotBox.swift; sourceTree = "<group>"; };
		C0613E7B1F4A367600389D44 /* WorkAdderLectureController.swift */ = {isa = PBXFileReference; fileEncoding = 4; lastKnownFileType = sourcecode.swift; path = WorkAdderLectureController.swift; sourceTree = "<group>"; };
		C0613E7C1F4A367600389D44 /* WorkAdderLectureController.xib */ = {isa = PBXFileReference; fileEncoding = 4; lastKnownFileType = file.xib; path = WorkAdderLectureController.xib; sourceTree = "<group>"; };
		C0613E801F4A369A00389D44 /* ExamAdderViewController.swift */ = {isa = PBXFileReference; fileEncoding = 4; lastKnownFileType = sourcecode.swift; path = ExamAdderViewController.swift; sourceTree = "<group>"; };
		C0613E811F4A369A00389D44 /* ExamAdderViewController.xib */ = {isa = PBXFileReference; fileEncoding = 4; lastKnownFileType = file.xib; path = ExamAdderViewController.xib; sourceTree = "<group>"; };
		C0613E841F4A6BF000389D44 /* HXWorkBox.swift */ = {isa = PBXFileReference; fileEncoding = 4; lastKnownFileType = sourcecode.swift; path = HXWorkBox.swift; sourceTree = "<group>"; };
		C0613E861F4A6C0100389D44 /* HXWorkBox.xib */ = {isa = PBXFileReference; fileEncoding = 4; lastKnownFileType = file.xib; path = HXWorkBox.xib; sourceTree = "<group>"; };
		C0613E881F4A6C3C00389D44 /* HXExamBox.swift */ = {isa = PBXFileReference; fileEncoding = 4; lastKnownFileType = sourcecode.swift; path = HXExamBox.swift; sourceTree = "<group>"; };
		C0613E8A1F4A6C4500389D44 /* HXExamBox.xib */ = {isa = PBXFileReference; fileEncoding = 4; lastKnownFileType = file.xib; path = HXExamBox.xib; sourceTree = "<group>"; };
		C069202A1F33046600D04234 /* PreferencesViewController.swift */ = {isa = PBXFileReference; fileEncoding = 4; lastKnownFileType = sourcecode.swift; path = PreferencesViewController.swift; sourceTree = "<group>"; };
		C069202B1F33046600D04234 /* PreferencesView.xib */ = {isa = PBXFileReference; fileEncoding = 4; lastKnownFileType = file.xib; path = PreferencesView.xib; sourceTree = "<group>"; };
		C069202E1F330F2200D04234 /* PreferencesNavViewController.swift */ = {isa = PBXFileReference; fileEncoding = 4; lastKnownFileType = sourcecode.swift; path = PreferencesNavViewController.swift; sourceTree = "<group>"; };
		C069202F1F330F2200D04234 /* PreferencesNavView.xib */ = {isa = PBXFileReference; fileEncoding = 4; lastKnownFileType = file.xib; path = PreferencesNavView.xib; sourceTree = "<group>"; };
		C081A6A81F19940000C8E1FB /* MenuBarPopoverViewController.swift */ = {isa = PBXFileReference; fileEncoding = 4; lastKnownFileType = sourcecode.swift; path = MenuBarPopoverViewController.swift; sourceTree = "<group>"; };
		C081A6A91F19940000C8E1FB /* MenuBarPopover.xib */ = {isa = PBXFileReference; fileEncoding = 4; lastKnownFileType = file.xib; path = MenuBarPopover.xib; sourceTree = "<group>"; };
		C081A6AC1F19991400C8E1FB /* EventMonitor.swift */ = {isa = PBXFileReference; fileEncoding = 4; lastKnownFileType = sourcecode.swift; path = EventMonitor.swift; sourceTree = "<group>"; };
		C0824D641EEE28C4007DC002 /* HXFindReplaceView.xib */ = {isa = PBXFileReference; fileEncoding = 4; lastKnownFileType = file.xib; path = HXFindReplaceView.xib; sourceTree = "<group>"; };
		C084BDAB1F47F33D00D624DF /* SidebarPageController.swift */ = {isa = PBXFileReference; fileEncoding = 4; lastKnownFileType = sourcecode.swift; path = SidebarPageController.swift; sourceTree = "<group>"; };
		C084BDAD1F47F90A00D624DF /* SemesterPageViewController.swift */ = {isa = PBXFileReference; fileEncoding = 4; lastKnownFileType = sourcecode.swift; path = SemesterPageViewController.swift; sourceTree = "<group>"; };
		C084BDAE1F47F90A00D624DF /* SemesterPageViewController.xib */ = {isa = PBXFileReference; fileEncoding = 4; lastKnownFileType = file.xib; path = SemesterPageViewController.xib; sourceTree = "<group>"; };
		C084BDB11F47F91700D624DF /* CoursePageViewController.swift */ = {isa = PBXFileReference; fileEncoding = 4; lastKnownFileType = sourcecode.swift; path = CoursePageViewController.swift; sourceTree = "<group>"; };
		C084BDB21F47F91700D624DF /* CoursePageViewController.xib */ = {isa = PBXFileReference; fileEncoding = 4; lastKnownFileType = file.xib; path = CoursePageViewController.xib; sourceTree = "<group>"; };
		C087C26E1EEFE8F300E70469 /* HXFindReplaceViewController.swift */ = {isa = PBXFileReference; fileEncoding = 4; lastKnownFileType = sourcecode.swift; path = HXFindReplaceViewController.swift; sourceTree = "<group>"; };
		C095D7801EB9461900BBE7CB /* EditorViewController.swift */ = {isa = PBXFileReference; fileEncoding = 4; lastKnownFileType = sourcecode.swift; path = EditorViewController.swift; sourceTree = "<group>"; };
		C095D7821EB9578700BBE7CB /* HXCourseEditBox.xib */ = {isa = PBXFileReference; fileEncoding = 4; lastKnownFileType = file.xib; path = HXCourseEditBox.xib; sourceTree = "<group>"; };
		C09B45251EDFADCB007CCC05 /* HXCourseAddBox.xib */ = {isa = PBXFileReference; fileEncoding = 4; lastKnownFileType = file.xib; path = HXCourseAddBox.xib; sourceTree = "<group>"; };
		C09B45291EDFAED5007CCC05 /* HXCourseAddBox.swift */ = {isa = PBXFileReference; fileEncoding = 4; lastKnownFileType = sourcecode.swift; path = HXCourseAddBox.swift; sourceTree = "<group>"; };
		C09EBEBC1EAF20B700A6D72C /* MasterViewController.swift */ = {isa = PBXFileReference; fileEncoding = 4; lastKnownFileType = sourcecode.swift; path = MasterViewController.swift; sourceTree = "<group>"; };
		C0A5327E1F43EB3100829C1F /* TimeSlot+CoreDataClass.swift */ = {isa = PBXFileReference; fileEncoding = 4; lastKnownFileType = sourcecode.swift; path = "TimeSlot+CoreDataClass.swift"; sourceTree = "<group>"; };
		C0AAE1321EA2BD12002939B6 /* HXNotes.app */ = {isa = PBXFileReference; explicitFileType = wrapper.application; includeInIndex = 0; path = HXNotes.app; sourceTree = BUILT_PRODUCTS_DIR; };
		C0AAE1351EA2BD12002939B6 /* AppDelegate.swift */ = {isa = PBXFileReference; lastKnownFileType = sourcecode.swift; path = AppDelegate.swift; sourceTree = "<group>"; };
		C0AAE13C1EA2BD12002939B6 /* Assets.xcassets */ = {isa = PBXFileReference; lastKnownFileType = folder.assetcatalog; path = Assets.xcassets; sourceTree = "<group>"; };
		C0AAE13F1EA2BD12002939B6 /* Base */ = {isa = PBXFileReference; lastKnownFileType = file.storyboard; name = Base; path = Base.lproj/Main.storyboard; sourceTree = "<group>"; };
		C0AAE1411EA2BD12002939B6 /* Info.plist */ = {isa = PBXFileReference; lastKnownFileType = text.plist.xml; path = Info.plist; sourceTree = "<group>"; };
		C0AAE1461EA2BD13002939B6 /* HXNotesTests.xctest */ = {isa = PBXFileReference; explicitFileType = wrapper.cfbundle; includeInIndex = 0; path = HXNotesTests.xctest; sourceTree = BUILT_PRODUCTS_DIR; };
		C0AAE14A1EA2BD13002939B6 /* HXNotesTests.swift */ = {isa = PBXFileReference; lastKnownFileType = sourcecode.swift; path = HXNotesTests.swift; sourceTree = "<group>"; };
		C0AAE14C1EA2BD13002939B6 /* Info.plist */ = {isa = PBXFileReference; lastKnownFileType = text.plist.xml; path = Info.plist; sourceTree = "<group>"; };
		C0AAE1511EA2BD13002939B6 /* HXNotesUITests.xctest */ = {isa = PBXFileReference; explicitFileType = wrapper.cfbundle; includeInIndex = 0; path = HXNotesUITests.xctest; sourceTree = BUILT_PRODUCTS_DIR; };
		C0AAE1551EA2BD13002939B6 /* HXNotesUITests.swift */ = {isa = PBXFileReference; lastKnownFileType = sourcecode.swift; path = HXNotesUITests.swift; sourceTree = "<group>"; };
		C0AAE1571EA2BD13002939B6 /* Info.plist */ = {isa = PBXFileReference; lastKnownFileType = text.plist.xml; path = Info.plist; sourceTree = "<group>"; };
		C0B68EF61EC3EA1E00E86439 /* HXWeekBox.swift */ = {isa = PBXFileReference; fileEncoding = 4; lastKnownFileType = sourcecode.swift; path = HXWeekBox.swift; sourceTree = "<group>"; };
		C0B7958F1EFFA10800A0C527 /* HXAlertDropdown.swift */ = {isa = PBXFileReference; fileEncoding = 4; lastKnownFileType = sourcecode.swift; path = HXAlertDropdown.swift; sourceTree = "<group>"; };
		C0B795901EFFA10800A0C527 /* HXAlertDropdown.xib */ = {isa = PBXFileReference; fileEncoding = 4; lastKnownFileType = file.xib; path = HXAlertDropdown.xib; sourceTree = "<group>"; };
		C0B795931EFFA11D00A0C527 /* HXAlertOverlay.swift */ = {isa = PBXFileReference; fileEncoding = 4; lastKnownFileType = sourcecode.swift; path = HXAlertOverlay.swift; sourceTree = "<group>"; };
		C0B795941EFFA11D00A0C527 /* HXAlertOverlay.xib */ = {isa = PBXFileReference; fileEncoding = 4; lastKnownFileType = file.xib; path = HXAlertOverlay.xib; sourceTree = "<group>"; };
		C0B795971EFFA12700A0C527 /* HXAlertSidebar.swift */ = {isa = PBXFileReference; fileEncoding = 4; lastKnownFileType = sourcecode.swift; path = HXAlertSidebar.swift; sourceTree = "<group>"; };
		C0B795981EFFA12700A0C527 /* HXAlertSidebar.xib */ = {isa = PBXFileReference; fileEncoding = 4; lastKnownFileType = file.xib; path = HXAlertSidebar.xib; sourceTree = "<group>"; };
		C0B7959F1EFFA7BB00A0C527 /* Alert.swift */ = {isa = PBXFileReference; fileEncoding = 4; lastKnownFileType = sourcecode.swift; path = Alert.swift; sourceTree = "<group>"; };
		C0D1A16C1ECAF96D006A17B2 /* HXFlippedClipView.swift */ = {isa = PBXFileReference; fileEncoding = 4; lastKnownFileType = sourcecode.swift; path = HXFlippedClipView.swift; sourceTree = "<group>"; };
		C0D7CEE61F0DF48800062B59 /* HXNotes.xcdatamodel */ = {isa = PBXFileReference; lastKnownFileType = wrapper.xcdatamodel; path = HXNotes.xcdatamodel; sourceTree = "<group>"; };
		C0E96E731ED7641000705A35 /* HXTextView.swift */ = {isa = PBXFileReference; fileEncoding = 4; lastKnownFileType = sourcecode.swift; path = HXTextView.swift; sourceTree = "<group>"; };
		C0FD6C221EC273C200338F1C /* HXCourseBox.swift */ = {isa = PBXFileReference; fileEncoding = 4; lastKnownFileType = sourcecode.swift; path = HXCourseBox.swift; sourceTree = "<group>"; };
		C0FD6C251EC273DA00338F1C /* HXCourseBox.xib */ = {isa = PBXFileReference; fileEncoding = 4; lastKnownFileType = file.xib; path = HXCourseBox.xib; sourceTree = "<group>"; };
/* End PBXFileReference section */

/* Begin PBXFrameworksBuildPhase section */
		C0AAE12F1EA2BD12002939B6 /* Frameworks */ = {
			isa = PBXFrameworksBuildPhase;
			buildActionMask = 2147483647;
			files = (
			);
			runOnlyForDeploymentPostprocessing = 0;
		};
		C0AAE1431EA2BD13002939B6 /* Frameworks */ = {
			isa = PBXFrameworksBuildPhase;
			buildActionMask = 2147483647;
			files = (
			);
			runOnlyForDeploymentPostprocessing = 0;
		};
		C0AAE14E1EA2BD13002939B6 /* Frameworks */ = {
			isa = PBXFrameworksBuildPhase;
			buildActionMask = 2147483647;
			files = (
			);
			runOnlyForDeploymentPostprocessing = 0;
		};
/* End PBXFrameworksBuildPhase section */

/* Begin PBXGroup section */
		C0089FC31EF5F593003F960B /* Model */ = {
			isa = PBXGroup;
			children = (
				C00719D21EF5FC9900161A7D /* Semester+CoreDataClass.swift */,
				C00719CE1EF5FA9100161A7D /* Course+CoreDataClass.swift */,
				C0A5327E1F43EB3100829C1F /* TimeSlot+CoreDataClass.swift */,
			);
			name = Model;
			sourceTree = "<group>";
		};
		C026E95C1F0347190056BC27 /* NIB Templates */ = {
			isa = PBXGroup;
			children = (
				C0B795901EFFA10800A0C527 /* HXAlertDropdown.xib */,
				C0B795941EFFA11D00A0C527 /* HXAlertOverlay.xib */,
				C0B795981EFFA12700A0C527 /* HXAlertSidebar.xib */,
			);
			name = "NIB Templates";
			sourceTree = "<group>";
		};
		C04F7A141F0DA39A00490938 /* Schedule Assistant */ = {
			isa = PBXGroup;
			children = (
				C04F7A151F0DA3BB00490938 /* ScheduleAssistant.swift */,
			);
			name = "Schedule Assistant";
			sourceTree = "<group>";
		};
		C0613E781F4A239900389D44 /* NIB Templates */ = {
			isa = PBXGroup;
			children = (
				C069202B1F33046600D04234 /* PreferencesView.xib */,
				C069202F1F330F2200D04234 /* PreferencesNavView.xib */,
			);
			name = "NIB Templates";
			sourceTree = "<group>";
		};
		C0613E7A1F4A292100389D44 /* Work Functionality */ = {
			isa = PBXGroup;
			children = (
				C0613E7B1F4A367600389D44 /* WorkAdderLectureController.swift */,
				C0613E7C1F4A367600389D44 /* WorkAdderLectureController.xib */,
				C0613E841F4A6BF000389D44 /* HXWorkBox.swift */,
				C0613E861F4A6C0100389D44 /* HXWorkBox.xib */,
			);
			name = "Work Functionality";
			sourceTree = "<group>";
		};
		C0613E7F1F4A368100389D44 /* Exam Functionality */ = {
			isa = PBXGroup;
			children = (
				C0613E801F4A369A00389D44 /* ExamAdderViewController.swift */,
				C0613E811F4A369A00389D44 /* ExamAdderViewController.xib */,
				C0613E881F4A6C3C00389D44 /* HXExamBox.swift */,
				C0613E8A1F4A6C4500389D44 /* HXExamBox.xib */,
			);
			name = "Exam Functionality";
			sourceTree = "<group>";
		};
		C06920291F33044500D04234 /* Preferences */ = {
			isa = PBXGroup;
			children = (
				C069202A1F33046600D04234 /* PreferencesViewController.swift */,
				C069202E1F330F2200D04234 /* PreferencesNavViewController.swift */,
				C0613E781F4A239900389D44 /* NIB Templates */,
			);
			name = Preferences;
			sourceTree = "<group>";
		};
		C07EE84A1EA8426700B87035 /* Views */ = {
			isa = PBXGroup;
			children = (
				C022319A1F114E51009A421B /* HXScheduleBox.swift */,
				C07EE84B1EA8428300B87035 /* NIB Templates */,
			);
			name = Views;
			sourceTree = "<group>";
		};
		C07EE84B1EA8428300B87035 /* NIB Templates */ = {
			isa = PBXGroup;
			children = (
				C02231961F114DD7009A421B /* HXScheduler.xib */,
			);
			name = "NIB Templates";
			sourceTree = "<group>";
		};
		C081A6A71F19939A00C8E1FB /* Menu Bar Function */ = {
			isa = PBXGroup;
			children = (
				C081A6AC1F19991400C8E1FB /* EventMonitor.swift */,
				C081A6A81F19940000C8E1FB /* MenuBarPopoverViewController.swift */,
				C081A6A91F19940000C8E1FB /* MenuBarPopover.xib */,
				C00382A71F3BA8E800CCFF11 /* MenuBarLectureItem.swift */,
				C00382A51F3BA7F700CCFF11 /* MenuBarLectureItem.xib */,
			);
			name = "Menu Bar Function";
			sourceTree = "<group>";
		};
		C095D77F1EB945EA00BBE7CB /* Editor Functionality */ = {
			isa = PBXGroup;
			children = (
				C095D7801EB9461900BBE7CB /* EditorViewController.swift */,
				C0FD6C211EC273AB00338F1C /* Views */,
			);
			name = "Editor Functionality";
			sourceTree = "<group>";
		};
		C09B452B1EDFD76C007CCC05 /* Views */ = {
			isa = PBXGroup;
			children = (
				C0FD6C221EC273C200338F1C /* HXCourseBox.swift */,
				C00367071EA5851500C4DE0C /* HXCourseEditBox.swift */,
				C06017251F12D67B001EDE97 /* HXTimeSlotBox.swift */,
				C025FDA21EC2E29B0090A287 /* HXLectureBox.swift */,
				C02DB9501F019C5B00044001 /* HXAbsentLectureBox.swift */,
				C0B68EF61EC3EA1E00E86439 /* HXWeekBox.swift */,
				C09B45291EDFAED5007CCC05 /* HXCourseAddBox.swift */,
				C09B452C1EDFD786007CCC05 /* NIB Templates */,
			);
			name = Views;
			sourceTree = "<group>";
		};
		C09B452C1EDFD786007CCC05 /* NIB Templates */ = {
			isa = PBXGroup;
			children = (
				C084BDB21F47F91700D624DF /* CoursePageViewController.xib */,
				C084BDAE1F47F90A00D624DF /* SemesterPageViewController.xib */,
				C0FD6C251EC273DA00338F1C /* HXCourseBox.xib */,
				C095D7821EB9578700BBE7CB /* HXCourseEditBox.xib */,
				C06017231F12D638001EDE97 /* HXTimeSlotBox.xib */,
				C09B45251EDFADCB007CCC05 /* HXCourseAddBox.xib */,
				C025FD9A1EC2A4970090A287 /* HXLectureBox.xib */,
				C02DB94E1F019BFF00044001 /* HXAbsentLectureBox.xib */,
				C025FD9C1EC2A68F0090A287 /* HXWeekBox.xib */,
			);
			name = "NIB Templates";
			sourceTree = "<group>";
		};
		C0A156FB1ED911E600F4DBC1 /* Sidebar */ = {
			isa = PBXGroup;
			children = (
				C084BDAB1F47F33D00D624DF /* SidebarPageController.swift */,
				C084BDAD1F47F90A00D624DF /* SemesterPageViewController.swift */,
				C084BDB11F47F91700D624DF /* CoursePageViewController.swift */,
				C09B452B1EDFD76C007CCC05 /* Views */,
			);
			name = Sidebar;
			sourceTree = "<group>";
		};
		C0AAE1291EA2BD12002939B6 = {
			isa = PBXGroup;
			children = (
				C0AAE1341EA2BD12002939B6 /* HXNotes */,
				C0AAE1491EA2BD13002939B6 /* HXNotesTests */,
				C0AAE1541EA2BD13002939B6 /* HXNotesUITests */,
				C0AAE1331EA2BD12002939B6 /* Products */,
			);
			sourceTree = "<group>";
		};
		C0AAE1331EA2BD12002939B6 /* Products */ = {
			isa = PBXGroup;
			children = (
				C0AAE1321EA2BD12002939B6 /* HXNotes.app */,
				C0AAE1461EA2BD13002939B6 /* HXNotesTests.xctest */,
				C0AAE1511EA2BD13002939B6 /* HXNotesUITests.xctest */,
			);
			name = Products;
			sourceTree = "<group>";
		};
		C0AAE1341EA2BD12002939B6 /* HXNotes */ = {
			isa = PBXGroup;
			children = (
				C0AAE13C1EA2BD12002939B6 /* Assets.xcassets */,
				C0AAE1351EA2BD12002939B6 /* AppDelegate.swift */,
				C09EBEBC1EAF20B700A6D72C /* MasterViewController.swift */,
				C03AF8151EB856860028BA68 /* MasterWindowController.swift */,
				C0AAE13E1EA2BD12002939B6 /* Main.storyboard */,
				C04F7A141F0DA39A00490938 /* Schedule Assistant */,
				C0B7958E1EFFA0EC00A0C527 /* Alerts */,
				C0A156FB1ED911E600F4DBC1 /* Sidebar */,
				C095D77F1EB945EA00BBE7CB /* Editor Functionality */,
				C0D687BE1EA4948A00BF1D05 /* Scheduler Functionality */,
				C081A6A71F19939A00C8E1FB /* Menu Bar Function */,
				C06920291F33044500D04234 /* Preferences */,
				C0613E7A1F4A292100389D44 /* Work Functionality */,
				C0613E7F1F4A368100389D44 /* Exam Functionality */,
				C0089FC31EF5F593003F960B /* Model */,
				C0AAE1411EA2BD12002939B6 /* Info.plist */,
				C02A8AC71F38AADC00B7CD5D /* pref.plist */,
				C0D7CEE51F0DF48800062B59 /* HXNotes.xcdatamodeld */,
			);
			path = HXNotes;
			sourceTree = "<group>";
		};
		C0AAE1491EA2BD13002939B6 /* HXNotesTests */ = {
			isa = PBXGroup;
			children = (
				C0AAE14A1EA2BD13002939B6 /* HXNotesTests.swift */,
				C0AAE14C1EA2BD13002939B6 /* Info.plist */,
			);
			path = HXNotesTests;
			sourceTree = "<group>";
		};
		C0AAE1541EA2BD13002939B6 /* HXNotesUITests */ = {
			isa = PBXGroup;
			children = (
				C0AAE1551EA2BD13002939B6 /* HXNotesUITests.swift */,
				C0AAE1571EA2BD13002939B6 /* Info.plist */,
			);
			path = HXNotesUITests;
			sourceTree = "<group>";
		};
		C0B7958E1EFFA0EC00A0C527 /* Alerts */ = {
			isa = PBXGroup;
			children = (
				C0B7959F1EFFA7BB00A0C527 /* Alert.swift */,
				C0B7959B1EFFA13B00A0C527 /* Views */,
			);
			name = Alerts;
			sourceTree = "<group>";
		};
		C0B7959B1EFFA13B00A0C527 /* Views */ = {
			isa = PBXGroup;
			children = (
				C0B7958F1EFFA10800A0C527 /* HXAlertDropdown.swift */,
				C0B795931EFFA11D00A0C527 /* HXAlertOverlay.swift */,
				C0B795971EFFA12700A0C527 /* HXAlertSidebar.swift */,
				C026E95C1F0347190056BC27 /* NIB Templates */,
			);
			name = Views;
			sourceTree = "<group>";
		};
		C0D687BE1EA4948A00BF1D05 /* Scheduler Functionality */ = {
			isa = PBXGroup;
			children = (
				C022319C1F115669009A421B /* SchedulerViewController.swift */,
				C00719D61EF5FE0900161A7D /* HXTimeFormatter.swift */,
				C07EE84A1EA8426700B87035 /* Views */,
			);
			name = "Scheduler Functionality";
			sourceTree = "<group>";
		};
		C0FD6C211EC273AB00338F1C /* Views */ = {
			isa = PBXGroup;
			children = (
				C049A63F1F3429F100685CF9 /* LectureCollectionViewItem.swift */,
				C049A6471F3433A400685CF9 /* LectureHeaderView.swift */,
				C0D1A16C1ECAF96D006A17B2 /* HXFlippedClipView.swift */,
				C0E96E731ED7641000705A35 /* HXTextView.swift */,
				C057FD1C1EE4B0BC00A62D9F /* HXFindViewController.swift */,
				C087C26E1EEFE8F300E70469 /* HXFindReplaceViewController.swift */,
				C057FD1E1EE4B0CA00A62D9F /* HXExportViewController.swift */,
				C0150EE71EA5AD6800BBBFA6 /* CourseLabel.swift */,
				C0FD6C241EC273C600338F1C /* NIB Templates */,
			);
			name = Views;
			sourceTree = "<group>";
		};
		C0FD6C241EC273C600338F1C /* NIB Templates */ = {
			isa = PBXGroup;
			children = (
				C049A6401F3429F100685CF9 /* LectureCollectionViewItem.xib */,
				C049A6431F34322000685CF9 /* LectureHeaderView.xib */,
				C0009E2A1EC43BE200C80642 /* HXLectureView.xib */,
				C057FD141EE4A00300A62D9F /* HXFindView.xib */,
				C0824D641EEE28C4007DC002 /* HXFindReplaceView.xib */,
				C057FD161EE4A00F00A62D9F /* HXPrintView.xib */,
				C057FD181EE4A01800A62D9F /* HXExportView.xib */,
			);
			name = "NIB Templates";
			sourceTree = "<group>";
		};
/* End PBXGroup section */

/* Begin PBXNativeTarget section */
		C0AAE1311EA2BD12002939B6 /* HXNotes */ = {
			isa = PBXNativeTarget;
			buildConfigurationList = C0AAE15A1EA2BD13002939B6 /* Build configuration list for PBXNativeTarget "HXNotes" */;
			buildPhases = (
				C0AAE12E1EA2BD12002939B6 /* Sources */,
				C0AAE12F1EA2BD12002939B6 /* Frameworks */,
				C0AAE1301EA2BD12002939B6 /* Resources */,
			);
			buildRules = (
				C01A78D01F0DF2B1009DFE70 /* PBXBuildRule */,
			);
			dependencies = (
			);
			name = HXNotes;
			productName = HXNotes;
			productReference = C0AAE1321EA2BD12002939B6 /* HXNotes.app */;
			productType = "com.apple.product-type.application";
		};
		C0AAE1451EA2BD13002939B6 /* HXNotesTests */ = {
			isa = PBXNativeTarget;
			buildConfigurationList = C0AAE15D1EA2BD13002939B6 /* Build configuration list for PBXNativeTarget "HXNotesTests" */;
			buildPhases = (
				C0AAE1421EA2BD13002939B6 /* Sources */,
				C0AAE1431EA2BD13002939B6 /* Frameworks */,
				C0AAE1441EA2BD13002939B6 /* Resources */,
			);
			buildRules = (
			);
			dependencies = (
				C0AAE1481EA2BD13002939B6 /* PBXTargetDependency */,
			);
			name = HXNotesTests;
			productName = HXNotesTests;
			productReference = C0AAE1461EA2BD13002939B6 /* HXNotesTests.xctest */;
			productType = "com.apple.product-type.bundle.unit-test";
		};
		C0AAE1501EA2BD13002939B6 /* HXNotesUITests */ = {
			isa = PBXNativeTarget;
			buildConfigurationList = C0AAE1601EA2BD13002939B6 /* Build configuration list for PBXNativeTarget "HXNotesUITests" */;
			buildPhases = (
				C0AAE14D1EA2BD13002939B6 /* Sources */,
				C0AAE14E1EA2BD13002939B6 /* Frameworks */,
				C0AAE14F1EA2BD13002939B6 /* Resources */,
			);
			buildRules = (
			);
			dependencies = (
				C0AAE1531EA2BD13002939B6 /* PBXTargetDependency */,
			);
			name = HXNotesUITests;
			productName = HXNotesUITests;
			productReference = C0AAE1511EA2BD13002939B6 /* HXNotesUITests.xctest */;
			productType = "com.apple.product-type.bundle.ui-testing";
		};
/* End PBXNativeTarget section */

/* Begin PBXProject section */
		C0AAE12A1EA2BD12002939B6 /* Project object */ = {
			isa = PBXProject;
			attributes = {
				LastSwiftUpdateCheck = 0820;
				LastUpgradeCheck = 0820;
				ORGANIZATIONNAME = Harxer;
				TargetAttributes = {
					C0AAE1311EA2BD12002939B6 = {
						CreatedOnToolsVersion = 8.2.1;
						DevelopmentTeam = BY29N4YX97;
						ProvisioningStyle = Automatic;
					};
					C0AAE1451EA2BD13002939B6 = {
						CreatedOnToolsVersion = 8.2.1;
						DevelopmentTeam = BY29N4YX97;
						ProvisioningStyle = Automatic;
						TestTargetID = C0AAE1311EA2BD12002939B6;
					};
					C0AAE1501EA2BD13002939B6 = {
						CreatedOnToolsVersion = 8.2.1;
						DevelopmentTeam = BY29N4YX97;
						ProvisioningStyle = Automatic;
						TestTargetID = C0AAE1311EA2BD12002939B6;
					};
				};
			};
			buildConfigurationList = C0AAE12D1EA2BD12002939B6 /* Build configuration list for PBXProject "HXNotes" */;
			compatibilityVersion = "Xcode 3.2";
			developmentRegion = English;
			hasScannedForEncodings = 0;
			knownRegions = (
				en,
				Base,
			);
			mainGroup = C0AAE1291EA2BD12002939B6;
			productRefGroup = C0AAE1331EA2BD12002939B6 /* Products */;
			projectDirPath = "";
			projectRoot = "";
			targets = (
				C0AAE1311EA2BD12002939B6 /* HXNotes */,
				C0AAE1451EA2BD13002939B6 /* HXNotesTests */,
				C0AAE1501EA2BD13002939B6 /* HXNotesUITests */,
			);
		};
/* End PBXProject section */

/* Begin PBXResourcesBuildPhase section */
		C0AAE1301EA2BD12002939B6 /* Resources */ = {
			isa = PBXResourcesBuildPhase;
			buildActionMask = 2147483647;
			files = (
				C0613E871F4A6C0100389D44 /* HXWorkBox.xib in Resources */,
				C00382A61F3BA7F700CCFF11 /* MenuBarLectureItem.xib in Resources */,
				C06017241F12D638001EDE97 /* HXTimeSlotBox.xib in Resources */,
				C0B795921EFFA10800A0C527 /* HXAlertDropdown.xib in Resources */,
				C02DB94F1F019BFF00044001 /* HXAbsentLectureBox.xib in Resources */,
				C057FD171EE4A00F00A62D9F /* HXPrintView.xib in Resources */,
				C02A8AC81F38AADC00B7CD5D /* pref.plist in Resources */,
				C084BDB01F47F90A00D624DF /* SemesterPageViewController.xib in Resources */,
				C025FD9D1EC2A68F0090A287 /* HXWeekBox.xib in Resources */,
				C057FD151EE4A00300A62D9F /* HXFindView.xib in Resources */,
				C02231971F114DD7009A421B /* HXScheduler.xib in Resources */,
				C069202D1F33046600D04234 /* PreferencesView.xib in Resources */,
				C025FD9B1EC2A4970090A287 /* HXLectureBox.xib in Resources */,
				C09B45261EDFADCB007CCC05 /* HXCourseAddBox.xib in Resources */,
				C057FD191EE4A01800A62D9F /* HXExportView.xib in Resources */,
				C0AAE13D1EA2BD12002939B6 /* Assets.xcassets in Resources */,
				C081A6AB1F19940000C8E1FB /* MenuBarPopover.xib in Resources */,
				C084BDB41F47F91700D624DF /* CoursePageViewController.xib in Resources */,
				C0009E2B1EC43BE200C80642 /* HXLectureView.xib in Resources */,
				C0AAE1401EA2BD12002939B6 /* Main.storyboard in Resources */,
				C049A6421F3429F100685CF9 /* LectureCollectionViewItem.xib in Resources */,
				C049A6441F34322000685CF9 /* LectureHeaderView.xib in Resources */,
				C06920311F330F2200D04234 /* PreferencesNavView.xib in Resources */,
				C0B7959A1EFFA12700A0C527 /* HXAlertSidebar.xib in Resources */,
				C0613E831F4A369A00389D44 /* ExamAdderViewController.xib in Resources */,
				C0FD6C261EC273DA00338F1C /* HXCourseBox.xib in Resources */,
				C0824D651EEE28C4007DC002 /* HXFindReplaceView.xib in Resources */,
				C095D7831EB9578700BBE7CB /* HXCourseEditBox.xib in Resources */,
				C0613E7E1F4A367600389D44 /* WorkAdderLectureController.xib in Resources */,
				C0B795961EFFA11D00A0C527 /* HXAlertOverlay.xib in Resources */,
				C0613E8B1F4A6C4500389D44 /* HXExamBox.xib in Resources */,
			);
			runOnlyForDeploymentPostprocessing = 0;
		};
		C0AAE1441EA2BD13002939B6 /* Resources */ = {
			isa = PBXResourcesBuildPhase;
			buildActionMask = 2147483647;
			files = (
			);
			runOnlyForDeploymentPostprocessing = 0;
		};
		C0AAE14F1EA2BD13002939B6 /* Resources */ = {
			isa = PBXResourcesBuildPhase;
			buildActionMask = 2147483647;
			files = (
			);
			runOnlyForDeploymentPostprocessing = 0;
		};
/* End PBXResourcesBuildPhase section */

/* Begin PBXSourcesBuildPhase section */
		C0AAE12E1EA2BD12002939B6 /* Sources */ = {
			isa = PBXSourcesBuildPhase;
			buildActionMask = 2147483647;
			files = (
				C0B795991EFFA12700A0C527 /* HXAlertSidebar.swift in Sources */,
				C022319D1F115669009A421B /* SchedulerViewController.swift in Sources */,
				C06017261F12D67B001EDE97 /* HXTimeSlotBox.swift in Sources */,
				C087C2701EEFE8F300E70469 /* HXFindReplaceViewController.swift in Sources */,
				C00719D71EF5FE0900161A7D /* HXTimeFormatter.swift in Sources */,
				C057FD1D1EE4B0BC00A62D9F /* HXFindViewController.swift in Sources */,
				C0B795951EFFA11D00A0C527 /* HXAlertOverlay.swift in Sources */,
				C04F7A161F0DA3BB00490938 /* ScheduleAssistant.swift in Sources */,
				C0FD6C231EC273C200338F1C /* HXCourseBox.swift in Sources */,
				C084BDAC1F47F33D00D624DF /* SidebarPageController.swift in Sources */,
				C0D7CEE71F0DF48800062B59 /* HXNotes.xcdatamodeld in Sources */,
				C0B68EF71EC3EA1E00E86439 /* HXWeekBox.swift in Sources */,
				C0613E7D1F4A367600389D44 /* WorkAdderLectureController.swift in Sources */,
				C03AF8161EB856860028BA68 /* MasterWindowController.swift in Sources */,
				C049A6411F3429F100685CF9 /* LectureCollectionViewItem.swift in Sources */,
				C069202C1F33046600D04234 /* PreferencesViewController.swift in Sources */,
				C0A5327F1F43EB3100829C1F /* TimeSlot+CoreDataClass.swift in Sources */,
				C09B452A1EDFAED5007CCC05 /* HXCourseAddBox.swift in Sources */,
				C0B795A01EFFA7BB00A0C527 /* Alert.swift in Sources */,
				C00367081EA5851500C4DE0C /* HXCourseEditBox.swift in Sources */,
				C0B795911EFFA10800A0C527 /* HXAlertDropdown.swift in Sources */,
				C0613E891F4A6C3C00389D44 /* HXExamBox.swift in Sources */,
				C0150EE81EA5AD6800BBBFA6 /* CourseLabel.swift in Sources */,
				C084BDAF1F47F90A00D624DF /* SemesterPageViewController.swift in Sources */,
				C049A6481F3433A400685CF9 /* LectureHeaderView.swift in Sources */,
				C00719D41EF5FC9900161A7D /* Semester+CoreDataClass.swift in Sources */,
				C022319B1F114E51009A421B /* HXScheduleBox.swift in Sources */,
				C025FDA31EC2E29B0090A287 /* HXLectureBox.swift in Sources */,
				C0D1A16D1ECAF96D006A17B2 /* HXFlippedClipView.swift in Sources */,
				C02DB9511F019C5B00044001 /* HXAbsentLectureBox.swift in Sources */,
				C081A6AA1F19940000C8E1FB /* MenuBarPopoverViewController.swift in Sources */,
				C00382A81F3BA8E800CCFF11 /* MenuBarLectureItem.swift in Sources */,
				C081A6AD1F19991400C8E1FB /* EventMonitor.swift in Sources */,
				C0613E821F4A369A00389D44 /* ExamAdderViewController.swift in Sources */,
				C09EBEBD1EAF20B700A6D72C /* MasterViewController.swift in Sources */,
				C084BDB31F47F91700D624DF /* CoursePageViewController.swift in Sources */,
				C0AAE1361EA2BD12002939B6 /* AppDelegate.swift in Sources */,
				C0E96E741ED7641000705A35 /* HXTextView.swift in Sources */,
				C00719D01EF5FA9100161A7D /* Course+CoreDataClass.swift in Sources */,
				C06920301F330F2200D04234 /* PreferencesNavViewController.swift in Sources */,
				C057FD201EE4B0CA00A62D9F /* HXExportViewController.swift in Sources */,
				C0613E851F4A6BF000389D44 /* HXWorkBox.swift in Sources */,
				C095D7811EB9461900BBE7CB /* EditorViewController.swift in Sources */,
			);
			runOnlyForDeploymentPostprocessing = 0;
		};
		C0AAE1421EA2BD13002939B6 /* Sources */ = {
			isa = PBXSourcesBuildPhase;
			buildActionMask = 2147483647;
			files = (
				C0AAE14B1EA2BD13002939B6 /* HXNotesTests.swift in Sources */,
			);
			runOnlyForDeploymentPostprocessing = 0;
		};
		C0AAE14D1EA2BD13002939B6 /* Sources */ = {
			isa = PBXSourcesBuildPhase;
			buildActionMask = 2147483647;
			files = (
				C0AAE1561EA2BD13002939B6 /* HXNotesUITests.swift in Sources */,
			);
			runOnlyForDeploymentPostprocessing = 0;
		};
/* End PBXSourcesBuildPhase section */

/* Begin PBXTargetDependency section */
		C0AAE1481EA2BD13002939B6 /* PBXTargetDependency */ = {
			isa = PBXTargetDependency;
			target = C0AAE1311EA2BD12002939B6 /* HXNotes */;
			targetProxy = C0AAE1471EA2BD13002939B6 /* PBXContainerItemProxy */;
		};
		C0AAE1531EA2BD13002939B6 /* PBXTargetDependency */ = {
			isa = PBXTargetDependency;
			target = C0AAE1311EA2BD12002939B6 /* HXNotes */;
			targetProxy = C0AAE1521EA2BD13002939B6 /* PBXContainerItemProxy */;
		};
/* End PBXTargetDependency section */

/* Begin PBXVariantGroup section */
		C0AAE13E1EA2BD12002939B6 /* Main.storyboard */ = {
			isa = PBXVariantGroup;
			children = (
				C0AAE13F1EA2BD12002939B6 /* Base */,
			);
			name = Main.storyboard;
			sourceTree = "<group>";
		};
/* End PBXVariantGroup section */

/* Begin XCBuildConfiguration section */
		C0AAE1581EA2BD13002939B6 /* Debug */ = {
			isa = XCBuildConfiguration;
			buildSettings = {
				ALWAYS_SEARCH_USER_PATHS = NO;
				CLANG_ANALYZER_NONNULL = YES;
				CLANG_CXX_LANGUAGE_STANDARD = "gnu++0x";
				CLANG_CXX_LIBRARY = "libc++";
				CLANG_ENABLE_MODULES = YES;
				CLANG_ENABLE_OBJC_ARC = YES;
				CLANG_WARN_BOOL_CONVERSION = YES;
				CLANG_WARN_CONSTANT_CONVERSION = YES;
				CLANG_WARN_DIRECT_OBJC_ISA_USAGE = YES_ERROR;
				CLANG_WARN_DOCUMENTATION_COMMENTS = YES;
				CLANG_WARN_EMPTY_BODY = YES;
				CLANG_WARN_ENUM_CONVERSION = YES;
				CLANG_WARN_INFINITE_RECURSION = YES;
				CLANG_WARN_INT_CONVERSION = YES;
				CLANG_WARN_OBJC_ROOT_CLASS = YES_ERROR;
				CLANG_WARN_SUSPICIOUS_MOVE = YES;
				CLANG_WARN_UNREACHABLE_CODE = YES;
				CLANG_WARN__DUPLICATE_METHOD_MATCH = YES;
				CODE_SIGN_IDENTITY = "-";
				COPY_PHASE_STRIP = NO;
				DEBUG_INFORMATION_FORMAT = dwarf;
				ENABLE_STRICT_OBJC_MSGSEND = YES;
				ENABLE_TESTABILITY = YES;
				GCC_C_LANGUAGE_STANDARD = gnu99;
				GCC_DYNAMIC_NO_PIC = NO;
				GCC_NO_COMMON_BLOCKS = YES;
				GCC_OPTIMIZATION_LEVEL = 0;
				GCC_PREPROCESSOR_DEFINITIONS = (
					"DEBUG=1",
					"$(inherited)",
				);
				GCC_WARN_64_TO_32_BIT_CONVERSION = YES;
				GCC_WARN_ABOUT_RETURN_TYPE = YES_ERROR;
				GCC_WARN_UNDECLARED_SELECTOR = YES;
				GCC_WARN_UNINITIALIZED_AUTOS = YES_AGGRESSIVE;
				GCC_WARN_UNUSED_FUNCTION = YES;
				GCC_WARN_UNUSED_VARIABLE = YES;
				MACOSX_DEPLOYMENT_TARGET = 10.12;
				MTL_ENABLE_DEBUG_INFO = YES;
				ONLY_ACTIVE_ARCH = YES;
				SDKROOT = macosx;
				SWIFT_ACTIVE_COMPILATION_CONDITIONS = DEBUG;
				SWIFT_OPTIMIZATION_LEVEL = "-Onone";
			};
			name = Debug;
		};
		C0AAE1591EA2BD13002939B6 /* Release */ = {
			isa = XCBuildConfiguration;
			buildSettings = {
				ALWAYS_SEARCH_USER_PATHS = NO;
				CLANG_ANALYZER_NONNULL = YES;
				CLANG_CXX_LANGUAGE_STANDARD = "gnu++0x";
				CLANG_CXX_LIBRARY = "libc++";
				CLANG_ENABLE_MODULES = YES;
				CLANG_ENABLE_OBJC_ARC = YES;
				CLANG_WARN_BOOL_CONVERSION = YES;
				CLANG_WARN_CONSTANT_CONVERSION = YES;
				CLANG_WARN_DIRECT_OBJC_ISA_USAGE = YES_ERROR;
				CLANG_WARN_DOCUMENTATION_COMMENTS = YES;
				CLANG_WARN_EMPTY_BODY = YES;
				CLANG_WARN_ENUM_CONVERSION = YES;
				CLANG_WARN_INFINITE_RECURSION = YES;
				CLANG_WARN_INT_CONVERSION = YES;
				CLANG_WARN_OBJC_ROOT_CLASS = YES_ERROR;
				CLANG_WARN_SUSPICIOUS_MOVE = YES;
				CLANG_WARN_UNREACHABLE_CODE = YES;
				CLANG_WARN__DUPLICATE_METHOD_MATCH = YES;
				CODE_SIGN_IDENTITY = "-";
				COPY_PHASE_STRIP = NO;
				DEBUG_INFORMATION_FORMAT = "dwarf-with-dsym";
				ENABLE_NS_ASSERTIONS = NO;
				ENABLE_STRICT_OBJC_MSGSEND = YES;
				GCC_C_LANGUAGE_STANDARD = gnu99;
				GCC_NO_COMMON_BLOCKS = YES;
				GCC_WARN_64_TO_32_BIT_CONVERSION = YES;
				GCC_WARN_ABOUT_RETURN_TYPE = YES_ERROR;
				GCC_WARN_UNDECLARED_SELECTOR = YES;
				GCC_WARN_UNINITIALIZED_AUTOS = YES_AGGRESSIVE;
				GCC_WARN_UNUSED_FUNCTION = YES;
				GCC_WARN_UNUSED_VARIABLE = YES;
				MACOSX_DEPLOYMENT_TARGET = 10.12;
				MTL_ENABLE_DEBUG_INFO = NO;
				SDKROOT = macosx;
				SWIFT_OPTIMIZATION_LEVEL = "-Owholemodule";
			};
			name = Release;
		};
		C0AAE15B1EA2BD13002939B6 /* Debug */ = {
			isa = XCBuildConfiguration;
			buildSettings = {
				ASSETCATALOG_COMPILER_APPICON_NAME = AppIcon;
				CODE_SIGN_IDENTITY = "";
				COMBINE_HIDPI_IMAGES = YES;
				DEVELOPMENT_TEAM = BY29N4YX97;
				INFOPLIST_FILE = HXNotes/Info.plist;
				LD_RUNPATH_SEARCH_PATHS = "$(inherited) @executable_path/../Frameworks";
				PRODUCT_BUNDLE_IDENTIFIER = HB.HXNotes;
				PRODUCT_NAME = "$(TARGET_NAME)";
				SWIFT_VERSION = 3.0;
			};
			name = Debug;
		};
		C0AAE15C1EA2BD13002939B6 /* Release */ = {
			isa = XCBuildConfiguration;
			buildSettings = {
				ASSETCATALOG_COMPILER_APPICON_NAME = AppIcon;
				CODE_SIGN_IDENTITY = "";
				COMBINE_HIDPI_IMAGES = YES;
				DEVELOPMENT_TEAM = BY29N4YX97;
				INFOPLIST_FILE = HXNotes/Info.plist;
				LD_RUNPATH_SEARCH_PATHS = "$(inherited) @executable_path/../Frameworks";
				PRODUCT_BUNDLE_IDENTIFIER = HB.HXNotes;
				PRODUCT_NAME = "$(TARGET_NAME)";
				SWIFT_VERSION = 3.0;
			};
			name = Release;
		};
		C0AAE15E1EA2BD13002939B6 /* Debug */ = {
			isa = XCBuildConfiguration;
			buildSettings = {
				ALWAYS_EMBED_SWIFT_STANDARD_LIBRARIES = YES;
				BUNDLE_LOADER = "$(TEST_HOST)";
				COMBINE_HIDPI_IMAGES = YES;
				DEVELOPMENT_TEAM = BY29N4YX97;
				INFOPLIST_FILE = HXNotesTests/Info.plist;
				LD_RUNPATH_SEARCH_PATHS = "$(inherited) @executable_path/../Frameworks @loader_path/../Frameworks";
				PRODUCT_BUNDLE_IDENTIFIER = HB.HXNotesTests;
				PRODUCT_NAME = "$(TARGET_NAME)";
				SWIFT_VERSION = 3.0;
				TEST_HOST = "$(BUILT_PRODUCTS_DIR)/HXNotes.app/Contents/MacOS/HXNotes";
			};
			name = Debug;
		};
		C0AAE15F1EA2BD13002939B6 /* Release */ = {
			isa = XCBuildConfiguration;
			buildSettings = {
				ALWAYS_EMBED_SWIFT_STANDARD_LIBRARIES = YES;
				BUNDLE_LOADER = "$(TEST_HOST)";
				COMBINE_HIDPI_IMAGES = YES;
				DEVELOPMENT_TEAM = BY29N4YX97;
				INFOPLIST_FILE = HXNotesTests/Info.plist;
				LD_RUNPATH_SEARCH_PATHS = "$(inherited) @executable_path/../Frameworks @loader_path/../Frameworks";
				PRODUCT_BUNDLE_IDENTIFIER = HB.HXNotesTests;
				PRODUCT_NAME = "$(TARGET_NAME)";
				SWIFT_VERSION = 3.0;
				TEST_HOST = "$(BUILT_PRODUCTS_DIR)/HXNotes.app/Contents/MacOS/HXNotes";
			};
			name = Release;
		};
		C0AAE1611EA2BD13002939B6 /* Debug */ = {
			isa = XCBuildConfiguration;
			buildSettings = {
				ALWAYS_EMBED_SWIFT_STANDARD_LIBRARIES = YES;
				COMBINE_HIDPI_IMAGES = YES;
				DEVELOPMENT_TEAM = BY29N4YX97;
				INFOPLIST_FILE = HXNotesUITests/Info.plist;
				LD_RUNPATH_SEARCH_PATHS = "$(inherited) @executable_path/../Frameworks @loader_path/../Frameworks";
				PRODUCT_BUNDLE_IDENTIFIER = HB.HXNotesUITests;
				PRODUCT_NAME = "$(TARGET_NAME)";
				SWIFT_VERSION = 3.0;
				TEST_TARGET_NAME = HXNotes;
			};
			name = Debug;
		};
		C0AAE1621EA2BD13002939B6 /* Release */ = {
			isa = XCBuildConfiguration;
			buildSettings = {
				ALWAYS_EMBED_SWIFT_STANDARD_LIBRARIES = YES;
				COMBINE_HIDPI_IMAGES = YES;
				DEVELOPMENT_TEAM = BY29N4YX97;
				INFOPLIST_FILE = HXNotesUITests/Info.plist;
				LD_RUNPATH_SEARCH_PATHS = "$(inherited) @executable_path/../Frameworks @loader_path/../Frameworks";
				PRODUCT_BUNDLE_IDENTIFIER = HB.HXNotesUITests;
				PRODUCT_NAME = "$(TARGET_NAME)";
				SWIFT_VERSION = 3.0;
				TEST_TARGET_NAME = HXNotes;
			};
			name = Release;
		};
/* End XCBuildConfiguration section */

/* Begin XCConfigurationList section */
		C0AAE12D1EA2BD12002939B6 /* Build configuration list for PBXProject "HXNotes" */ = {
			isa = XCConfigurationList;
			buildConfigurations = (
				C0AAE1581EA2BD13002939B6 /* Debug */,
				C0AAE1591EA2BD13002939B6 /* Release */,
			);
			defaultConfigurationIsVisible = 0;
			defaultConfigurationName = Release;
		};
		C0AAE15A1EA2BD13002939B6 /* Build configuration list for PBXNativeTarget "HXNotes" */ = {
			isa = XCConfigurationList;
			buildConfigurations = (
				C0AAE15B1EA2BD13002939B6 /* Debug */,
				C0AAE15C1EA2BD13002939B6 /* Release */,
			);
			defaultConfigurationIsVisible = 0;
			defaultConfigurationName = Release;
		};
		C0AAE15D1EA2BD13002939B6 /* Build configuration list for PBXNativeTarget "HXNotesTests" */ = {
			isa = XCConfigurationList;
			buildConfigurations = (
				C0AAE15E1EA2BD13002939B6 /* Debug */,
				C0AAE15F1EA2BD13002939B6 /* Release */,
			);
			defaultConfigurationIsVisible = 0;
			defaultConfigurationName = Release;
		};
		C0AAE1601EA2BD13002939B6 /* Build configuration list for PBXNativeTarget "HXNotesUITests" */ = {
			isa = XCConfigurationList;
			buildConfigurations = (
				C0AAE1611EA2BD13002939B6 /* Debug */,
				C0AAE1621EA2BD13002939B6 /* Release */,
			);
			defaultConfigurationIsVisible = 0;
			defaultConfigurationName = Release;
		};
/* End XCConfigurationList section */

/* Begin XCVersionGroup section */
		C0D7CEE51F0DF48800062B59 /* HXNotes.xcdatamodeld */ = {
			isa = XCVersionGroup;
			children = (
				C0D7CEE61F0DF48800062B59 /* HXNotes.xcdatamodel */,
			);
			currentVersion = C0D7CEE61F0DF48800062B59 /* HXNotes.xcdatamodel */;
			path = HXNotes.xcdatamodeld;
			sourceTree = "<group>";
			versionGroupType = wrapper.xcdatamodel;
		};
/* End XCVersionGroup section */
	};
	rootObject = C0AAE12A1EA2BD12002939B6 /* Project object */;
}
