// !$*UTF8*$!
{
	archiveVersion = 1;
	classes = {
	};
	objectVersion = 46;
	objects = {

/* Begin PBXBuildFile section */
		C0009E2B1EC43BE200C80642 /* HXLectureView.xib in Resources */ = {isa = PBXBuildFile; fileRef = C0009E2A1EC43BE200C80642 /* HXLectureView.xib */; };
		C00367081EA5851500C4DE0C /* HXCourseEditBox.swift in Sources */ = {isa = PBXBuildFile; fileRef = C00367071EA5851500C4DE0C /* HXCourseEditBox.swift */; };
		C0150EE81EA5AD6800BBBFA6 /* CourseLabel.swift in Sources */ = {isa = PBXBuildFile; fileRef = C0150EE71EA5AD6800BBBFA6 /* CourseLabel.swift */; };
		C025FD9B1EC2A4970090A287 /* HXLectureLedger.xib in Resources */ = {isa = PBXBuildFile; fileRef = C025FD9A1EC2A4970090A287 /* HXLectureLedger.xib */; };
		C025FD9D1EC2A68F0090A287 /* HXWeekDividerBox.xib in Resources */ = {isa = PBXBuildFile; fileRef = C025FD9C1EC2A68F0090A287 /* HXWeekDividerBox.xib */; };
		C025FDA31EC2E29B0090A287 /* HXLectureLedger.swift in Sources */ = {isa = PBXBuildFile; fileRef = C025FDA21EC2E29B0090A287 /* HXLectureLedger.swift */; };
		C03AF8161EB856860028BA68 /* MasterWindowController.swift in Sources */ = {isa = PBXBuildFile; fileRef = C03AF8151EB856860028BA68 /* MasterWindowController.swift */; };
		C03FA6781ED2A6D900D8FA0B /* HXLectureView.swift in Sources */ = {isa = PBXBuildFile; fileRef = C03FA6771ED2A6D900D8FA0B /* HXLectureView.swift */; };
		C052EC961EB8FC6300C1FBC8 /* TempYear.swift in Sources */ = {isa = PBXBuildFile; fileRef = C052EC951EB8FC6300C1FBC8 /* TempYear.swift */; };
		C05AE3141EB01BAF00A7F2F7 /* HXYearButton.swift in Sources */ = {isa = PBXBuildFile; fileRef = C05AE3131EB01BAF00A7F2F7 /* HXYearButton.swift */; };
		C07953841EA721B90022BFCF /* HXGridBox.xib in Resources */ = {isa = PBXBuildFile; fileRef = C07953831EA721B90022BFCF /* HXGridBox.xib */; };
		C07F48D61EB2AF9B0010B455 /* HXYearStack.swift in Sources */ = {isa = PBXBuildFile; fileRef = C07F48D51EB2AF9B0010B455 /* HXYearStack.swift */; };
		C095D7811EB9461900BBE7CB /* EditorViewController.swift in Sources */ = {isa = PBXBuildFile; fileRef = C095D7801EB9461900BBE7CB /* EditorViewController.swift */; };
		C095D7831EB9578700BBE7CB /* HXCourseEditBox.xib in Resources */ = {isa = PBXBuildFile; fileRef = C095D7821EB9578700BBE7CB /* HXCourseEditBox.xib */; };
		C09EBEBD1EAF20B700A6D72C /* MasterViewController.swift in Sources */ = {isa = PBXBuildFile; fileRef = C09EBEBC1EAF20B700A6D72C /* MasterViewController.swift */; };
		C0AAE1361EA2BD12002939B6 /* AppDelegate.swift in Sources */ = {isa = PBXBuildFile; fileRef = C0AAE1351EA2BD12002939B6 /* AppDelegate.swift */; };
		C0AAE13B1EA2BD12002939B6 /* HXNotes.xcdatamodeld in Sources */ = {isa = PBXBuildFile; fileRef = C0AAE1391EA2BD12002939B6 /* HXNotes.xcdatamodeld */; };
		C0AAE13D1EA2BD12002939B6 /* Assets.xcassets in Resources */ = {isa = PBXBuildFile; fileRef = C0AAE13C1EA2BD12002939B6 /* Assets.xcassets */; };
		C0AAE1401EA2BD12002939B6 /* Main.storyboard in Resources */ = {isa = PBXBuildFile; fileRef = C0AAE13E1EA2BD12002939B6 /* Main.storyboard */; };
		C0AAE14B1EA2BD13002939B6 /* HXNotesTests.swift in Sources */ = {isa = PBXBuildFile; fileRef = C0AAE14A1EA2BD13002939B6 /* HXNotesTests.swift */; };
		C0AAE1561EA2BD13002939B6 /* HXNotesUITests.swift in Sources */ = {isa = PBXBuildFile; fileRef = C0AAE1551EA2BD13002939B6 /* HXNotesUITests.swift */; };
		C0B68EF71EC3EA1E00E86439 /* HXWeekBox.swift in Sources */ = {isa = PBXBuildFile; fileRef = C0B68EF61EC3EA1E00E86439 /* HXWeekBox.swift */; };
		C0B92E9D1EC951D700F44A3C /* HXNonScrollView.swift in Sources */ = {isa = PBXBuildFile; fileRef = C0B92E9C1EC951D700F44A3C /* HXNonScrollView.swift */; };
		C0B92E9F1EC9535700F44A3C /* LectureViewController.swift in Sources */ = {isa = PBXBuildFile; fileRef = C0B92E9E1EC9535700F44A3C /* LectureViewController.swift */; };
		C0C8E9F81EB64CD300CBBF1C /* TimelineViewController.swift in Sources */ = {isa = PBXBuildFile; fileRef = C0C8E9F61EB64CD300CBBF1C /* TimelineViewController.swift */; };
		C0D1A16D1ECAF96D006A17B2 /* HXFlippedClipView.swift in Sources */ = {isa = PBXBuildFile; fileRef = C0D1A16C1ECAF96D006A17B2 /* HXFlippedClipView.swift */; };
		C0D235EE1EA5369B00AB039A /* CalendarViewController.swift in Sources */ = {isa = PBXBuildFile; fileRef = C0D235ED1EA5369B00AB039A /* CalendarViewController.swift */; };
		C0D33D3F1ED250F70051B25C /* HXBottomBufferView.swift in Sources */ = {isa = PBXBuildFile; fileRef = C0D33D3E1ED250F70051B25C /* HXBottomBufferView.swift */; };
		C0D3649C1ECB8DF8004C43BB /* CourseViewController.swift in Sources */ = {isa = PBXBuildFile; fileRef = C0D3649B1ECB8DF8004C43BB /* CourseViewController.swift */; };
		C0D687BD1EA4948400BF1D05 /* HXGridBox.swift in Sources */ = {isa = PBXBuildFile; fileRef = C0D687BC1EA4948400BF1D05 /* HXGridBox.swift */; };
		C0D68CFD1EA6943F009B06E3 /* HXCourseDragBox.xib in Resources */ = {isa = PBXBuildFile; fileRef = C0D68CFC1EA6943F009B06E3 /* HXCourseDragBox.xib */; };
		C0D68CFF1EA6C8CF009B06E3 /* HXCourseDragBox.swift in Sources */ = {isa = PBXBuildFile; fileRef = C0D68CFE1EA6C8CF009B06E3 /* HXCourseDragBox.swift */; };
		C0E881A01ED66E30004974DE /* HXConfirmationBox.xib in Resources */ = {isa = PBXBuildFile; fileRef = C0E8819F1ED66E30004974DE /* HXConfirmationBox.xib */; };
		C0E96E741ED7641000705A35 /* HXTextView.swift in Sources */ = {isa = PBXBuildFile; fileRef = C0E96E731ED7641000705A35 /* HXTextView.swift */; };
		C0FD6C231EC273C200338F1C /* HXCourseBox.swift in Sources */ = {isa = PBXBuildFile; fileRef = C0FD6C221EC273C200338F1C /* HXCourseBox.swift */; };
		C0FD6C261EC273DA00338F1C /* HXCourseBox.xib in Resources */ = {isa = PBXBuildFile; fileRef = C0FD6C251EC273DA00338F1C /* HXCourseBox.xib */; };
/* End PBXBuildFile section */

/* Begin PBXContainerItemProxy section */
		C0AAE1471EA2BD13002939B6 /* PBXContainerItemProxy */ = {
			isa = PBXContainerItemProxy;
			containerPortal = C0AAE12A1EA2BD12002939B6 /* Project object */;
			proxyType = 1;
			remoteGlobalIDString = C0AAE1311EA2BD12002939B6;
			remoteInfo = HXNotes;
		};
		C0AAE1521EA2BD13002939B6 /* PBXContainerItemProxy */ = {
			isa = PBXContainerItemProxy;
			containerPortal = C0AAE12A1EA2BD12002939B6 /* Project object */;
			proxyType = 1;
			remoteGlobalIDString = C0AAE1311EA2BD12002939B6;
			remoteInfo = HXNotes;
		};
/* End PBXContainerItemProxy section */

/* Begin PBXFileReference section */
		C0009E2A1EC43BE200C80642 /* HXLectureView.xib */ = {isa = PBXFileReference; fileEncoding = 4; lastKnownFileType = file.xib; path = HXLectureView.xib; sourceTree = "<group>"; };
		C00367071EA5851500C4DE0C /* HXCourseEditBox.swift */ = {isa = PBXFileReference; fileEncoding = 4; lastKnownFileType = sourcecode.swift; path = HXCourseEditBox.swift; sourceTree = "<group>"; };
		C0150EE71EA5AD6800BBBFA6 /* CourseLabel.swift */ = {isa = PBXFileReference; fileEncoding = 4; lastKnownFileType = sourcecode.swift; path = CourseLabel.swift; sourceTree = "<group>"; };
		C025FD9A1EC2A4970090A287 /* HXLectureLedger.xib */ = {isa = PBXFileReference; fileEncoding = 4; lastKnownFileType = file.xib; path = HXLectureLedger.xib; sourceTree = "<group>"; };
		C025FD9C1EC2A68F0090A287 /* HXWeekDividerBox.xib */ = {isa = PBXFileReference; fileEncoding = 4; lastKnownFileType = file.xib; path = HXWeekDividerBox.xib; sourceTree = "<group>"; };
		C025FDA21EC2E29B0090A287 /* HXLectureLedger.swift */ = {isa = PBXFileReference; fileEncoding = 4; lastKnownFileType = sourcecode.swift; path = HXLectureLedger.swift; sourceTree = "<group>"; };
		C03AF8151EB856860028BA68 /* MasterWindowController.swift */ = {isa = PBXFileReference; fileEncoding = 4; lastKnownFileType = sourcecode.swift; path = MasterWindowController.swift; sourceTree = "<group>"; };
		C03FA6771ED2A6D900D8FA0B /* HXLectureView.swift */ = {isa = PBXFileReference; fileEncoding = 4; lastKnownFileType = sourcecode.swift; path = HXLectureView.swift; sourceTree = "<group>"; };
		C052EC831EB8E35C00C1FBC8 /* HXNotes 1.1.xcdatamodel */ = {isa = PBXFileReference; lastKnownFileType = wrapper.xcdatamodel; path = "HXNotes 1.1.xcdatamodel"; sourceTree = "<group>"; };
		C052EC841EB8EB1A00C1FBC8 /* HXNotes 1.11.xcdatamodel */ = {isa = PBXFileReference; lastKnownFileType = wrapper.xcdatamodel; path = "HXNotes 1.11.xcdatamodel"; sourceTree = "<group>"; };
		C052EC951EB8FC6300C1FBC8 /* TempYear.swift */ = {isa = PBXFileReference; fileEncoding = 4; lastKnownFileType = sourcecode.swift; path = TempYear.swift; sourceTree = "<group>"; };
		C05AE3131EB01BAF00A7F2F7 /* HXYearButton.swift */ = {isa = PBXFileReference; fileEncoding = 4; lastKnownFileType = sourcecode.swift; path = HXYearButton.swift; sourceTree = "<group>"; };
		C07953831EA721B90022BFCF /* HXGridBox.xib */ = {isa = PBXFileReference; fileEncoding = 4; lastKnownFileType = file.xib; path = HXGridBox.xib; sourceTree = "<group>"; };
		C07F48D51EB2AF9B0010B455 /* HXYearStack.swift */ = {isa = PBXFileReference; fileEncoding = 4; lastKnownFileType = sourcecode.swift; path = HXYearStack.swift; sourceTree = "<group>"; };
		C095D7801EB9461900BBE7CB /* EditorViewController.swift */ = {isa = PBXFileReference; fileEncoding = 4; lastKnownFileType = sourcecode.swift; path = EditorViewController.swift; sourceTree = "<group>"; };
		C095D7821EB9578700BBE7CB /* HXCourseEditBox.xib */ = {isa = PBXFileReference; fileEncoding = 4; lastKnownFileType = file.xib; path = HXCourseEditBox.xib; sourceTree = "<group>"; };
		C09EBEBC1EAF20B700A6D72C /* MasterViewController.swift */ = {isa = PBXFileReference; fileEncoding = 4; lastKnownFileType = sourcecode.swift; path = MasterViewController.swift; sourceTree = "<group>"; };
		C0AAE1321EA2BD12002939B6 /* HXNotes.app */ = {isa = PBXFileReference; explicitFileType = wrapper.application; includeInIndex = 0; path = HXNotes.app; sourceTree = BUILT_PRODUCTS_DIR; };
		C0AAE1351EA2BD12002939B6 /* AppDelegate.swift */ = {isa = PBXFileReference; lastKnownFileType = sourcecode.swift; path = AppDelegate.swift; sourceTree = "<group>"; };
		C0AAE13A1EA2BD12002939B6 /* HXNotes.xcdatamodel */ = {isa = PBXFileReference; lastKnownFileType = wrapper.xcdatamodel; path = HXNotes.xcdatamodel; sourceTree = "<group>"; };
		C0AAE13C1EA2BD12002939B6 /* Assets.xcassets */ = {isa = PBXFileReference; lastKnownFileType = folder.assetcatalog; path = Assets.xcassets; sourceTree = "<group>"; };
		C0AAE13F1EA2BD12002939B6 /* Base */ = {isa = PBXFileReference; lastKnownFileType = file.storyboard; name = Base; path = Base.lproj/Main.storyboard; sourceTree = "<group>"; };
		C0AAE1411EA2BD12002939B6 /* Info.plist */ = {isa = PBXFileReference; lastKnownFileType = text.plist.xml; path = Info.plist; sourceTree = "<group>"; };
		C0AAE1461EA2BD13002939B6 /* HXNotesTests.xctest */ = {isa = PBXFileReference; explicitFileType = wrapper.cfbundle; includeInIndex = 0; path = HXNotesTests.xctest; sourceTree = BUILT_PRODUCTS_DIR; };
		C0AAE14A1EA2BD13002939B6 /* HXNotesTests.swift */ = {isa = PBXFileReference; lastKnownFileType = sourcecode.swift; path = HXNotesTests.swift; sourceTree = "<group>"; };
		C0AAE14C1EA2BD13002939B6 /* Info.plist */ = {isa = PBXFileReference; lastKnownFileType = text.plist.xml; path = Info.plist; sourceTree = "<group>"; };
		C0AAE1511EA2BD13002939B6 /* HXNotesUITests.xctest */ = {isa = PBXFileReference; explicitFileType = wrapper.cfbundle; includeInIndex = 0; path = HXNotesUITests.xctest; sourceTree = BUILT_PRODUCTS_DIR; };
		C0AAE1551EA2BD13002939B6 /* HXNotesUITests.swift */ = {isa = PBXFileReference; lastKnownFileType = sourcecode.swift; path = HXNotesUITests.swift; sourceTree = "<group>"; };
		C0AAE1571EA2BD13002939B6 /* Info.plist */ = {isa = PBXFileReference; lastKnownFileType = text.plist.xml; path = Info.plist; sourceTree = "<group>"; };
		C0B68EF61EC3EA1E00E86439 /* HXWeekBox.swift */ = {isa = PBXFileReference; fileEncoding = 4; lastKnownFileType = sourcecode.swift; path = HXWeekBox.swift; sourceTree = "<group>"; };
		C0B92E9C1EC951D700F44A3C /* HXNonScrollView.swift */ = {isa = PBXFileReference; fileEncoding = 4; lastKnownFileType = sourcecode.swift; path = HXNonScrollView.swift; sourceTree = "<group>"; };
		C0B92E9E1EC9535700F44A3C /* LectureViewController.swift */ = {isa = PBXFileReference; fileEncoding = 4; lastKnownFileType = sourcecode.swift; path = LectureViewController.swift; sourceTree = "<group>"; };
		C0C8E9F61EB64CD300CBBF1C /* TimelineViewController.swift */ = {isa = PBXFileReference; fileEncoding = 4; lastKnownFileType = sourcecode.swift; path = TimelineViewController.swift; sourceTree = "<group>"; };
		C0D1A16C1ECAF96D006A17B2 /* HXFlippedClipView.swift */ = {isa = PBXFileReference; fileEncoding = 4; lastKnownFileType = sourcecode.swift; path = HXFlippedClipView.swift; sourceTree = "<group>"; };
		C0D235ED1EA5369B00AB039A /* CalendarViewController.swift */ = {isa = PBXFileReference; fileEncoding = 4; lastKnownFileType = sourcecode.swift; path = CalendarViewController.swift; sourceTree = "<group>"; };
		C0D33D3E1ED250F70051B25C /* HXBottomBufferView.swift */ = {isa = PBXFileReference; fileEncoding = 4; lastKnownFileType = sourcecode.swift; path = HXBottomBufferView.swift; sourceTree = "<group>"; };
		C0D3649B1ECB8DF8004C43BB /* CourseViewController.swift */ = {isa = PBXFileReference; fileEncoding = 4; lastKnownFileType = sourcecode.swift; path = CourseViewController.swift; sourceTree = "<group>"; };
		C0D687BC1EA4948400BF1D05 /* HXGridBox.swift */ = {isa = PBXFileReference; fileEncoding = 4; lastKnownFileType = sourcecode.swift; path = HXGridBox.swift; sourceTree = "<group>"; };
		C0D68CFC1EA6943F009B06E3 /* HXCourseDragBox.xib */ = {isa = PBXFileReference; fileEncoding = 4; lastKnownFileType = file.xib; path = HXCourseDragBox.xib; sourceTree = "<group>"; };
		C0D68CFE1EA6C8CF009B06E3 /* HXCourseDragBox.swift */ = {isa = PBXFileReference; fileEncoding = 4; lastKnownFileType = sourcecode.swift; path = HXCourseDragBox.swift; sourceTree = "<group>"; };
		C0E8819F1ED66E30004974DE /* HXConfirmationBox.xib */ = {isa = PBXFileReference; fileEncoding = 4; lastKnownFileType = file.xib; path = HXConfirmationBox.xib; sourceTree = "<group>"; };
		C0E96E731ED7641000705A35 /* HXTextView.swift */ = {isa = PBXFileReference; fileEncoding = 4; lastKnownFileType = sourcecode.swift; path = HXTextView.swift; sourceTree = "<group>"; };
		C0FD6C221EC273C200338F1C /* HXCourseBox.swift */ = {isa = PBXFileReference; fileEncoding = 4; lastKnownFileType = sourcecode.swift; path = HXCourseBox.swift; sourceTree = "<group>"; };
		C0FD6C251EC273DA00338F1C /* HXCourseBox.xib */ = {isa = PBXFileReference; fileEncoding = 4; lastKnownFileType = file.xib; path = HXCourseBox.xib; sourceTree = "<group>"; };
/* End PBXFileReference section */

/* Begin PBXFrameworksBuildPhase section */
		C0AAE12F1EA2BD12002939B6 /* Frameworks */ = {
			isa = PBXFrameworksBuildPhase;
			buildActionMask = 2147483647;
			files = (
			);
			runOnlyForDeploymentPostprocessing = 0;
		};
		C0AAE1431EA2BD13002939B6 /* Frameworks */ = {
			isa = PBXFrameworksBuildPhase;
			buildActionMask = 2147483647;
			files = (
			);
			runOnlyForDeploymentPostprocessing = 0;
		};
		C0AAE14E1EA2BD13002939B6 /* Frameworks */ = {
			isa = PBXFrameworksBuildPhase;
			buildActionMask = 2147483647;
			files = (
			);
			runOnlyForDeploymentPostprocessing = 0;
		};
/* End PBXFrameworksBuildPhase section */

/* Begin PBXGroup section */
		C0270DA21ECB9BA1002FE1B2 /* Views */ = {
			isa = PBXGroup;
			children = (
				C0FD6C221EC273C200338F1C /* HXCourseBox.swift */,
				C00367071EA5851500C4DE0C /* HXCourseEditBox.swift */,
				C0D68CFE1EA6C8CF009B06E3 /* HXCourseDragBox.swift */,
				C0150EE71EA5AD6800BBBFA6 /* CourseLabel.swift */,
				C0FD66861ECC1D0E00937843 /* NIB Templates */,
			);
			name = Views;
			sourceTree = "<group>";
		};
		C07EE84A1EA8426700B87035 /* Views */ = {
			isa = PBXGroup;
			children = (
				C0D687BC1EA4948400BF1D05 /* HXGridBox.swift */,
				C07EE84B1EA8428300B87035 /* NIB Templates */,
			);
			name = Views;
			sourceTree = "<group>";
		};
		C07EE84B1EA8428300B87035 /* NIB Templates */ = {
			isa = PBXGroup;
			children = (
				C07953831EA721B90022BFCF /* HXGridBox.xib */,
			);
			name = "NIB Templates";
			sourceTree = "<group>";
		};
		C095D77F1EB945EA00BBE7CB /* Editor Functionality */ = {
			isa = PBXGroup;
			children = (
				C095D7801EB9461900BBE7CB /* EditorViewController.swift */,
				C0B92E9E1EC9535700F44A3C /* LectureViewController.swift */,
				C0FD6C211EC273AB00338F1C /* Views */,
			);
			name = "Editor Functionality";
			sourceTree = "<group>";
		};
		C09EBEBE1EAF251000A6D72C /* Timeline Functionality */ = {
			isa = PBXGroup;
			children = (
				C0C8E9F61EB64CD300CBBF1C /* TimelineViewController.swift */,
				C09EBEBF1EAF252E00A6D72C /* Views */,
				C09EBEC41EAF2CF900A6D72C /* Model */,
			);
			name = "Timeline Functionality";
			sourceTree = "<group>";
		};
		C09EBEBF1EAF252E00A6D72C /* Views */ = {
			isa = PBXGroup;
			children = (
				C05AE3131EB01BAF00A7F2F7 /* HXYearButton.swift */,
				C07F48D51EB2AF9B0010B455 /* HXYearStack.swift */,
			);
			name = Views;
			sourceTree = "<group>";
		};
		C09EBEC41EAF2CF900A6D72C /* Model */ = {
			isa = PBXGroup;
			children = (
				C052EC951EB8FC6300C1FBC8 /* TempYear.swift */,
			);
			name = Model;
			sourceTree = "<group>";
		};
		C0AAE1291EA2BD12002939B6 = {
			isa = PBXGroup;
			children = (
				C0AAE1341EA2BD12002939B6 /* HXNotes */,
				C0AAE1491EA2BD13002939B6 /* HXNotesTests */,
				C0AAE1541EA2BD13002939B6 /* HXNotesUITests */,
				C0AAE1331EA2BD12002939B6 /* Products */,
			);
			sourceTree = "<group>";
		};
		C0AAE1331EA2BD12002939B6 /* Products */ = {
			isa = PBXGroup;
			children = (
				C0AAE1321EA2BD12002939B6 /* HXNotes.app */,
				C0AAE1461EA2BD13002939B6 /* HXNotesTests.xctest */,
				C0AAE1511EA2BD13002939B6 /* HXNotesUITests.xctest */,
			);
			name = Products;
			sourceTree = "<group>";
		};
		C0AAE1341EA2BD12002939B6 /* HXNotes */ = {
			isa = PBXGroup;
			children = (
				C0AAE13C1EA2BD12002939B6 /* Assets.xcassets */,
				C0AAE1351EA2BD12002939B6 /* AppDelegate.swift */,
				C09EBEBC1EAF20B700A6D72C /* MasterViewController.swift */,
				C03AF8151EB856860028BA68 /* MasterWindowController.swift */,
				C0AAE13E1EA2BD12002939B6 /* Main.storyboard */,
				C0D3649A1ECB8DDE004C43BB /* Course Functionality */,
				C095D77F1EB945EA00BBE7CB /* Editor Functionality */,
				C09EBEBE1EAF251000A6D72C /* Timeline Functionality */,
				C0D687BE1EA4948A00BF1D05 /* Calendar Functionality */,
				C0AAE1391EA2BD12002939B6 /* HXNotes.xcdatamodeld */,
				C0AAE1411EA2BD12002939B6 /* Info.plist */,
			);
			path = HXNotes;
			sourceTree = "<group>";
		};
		C0AAE1491EA2BD13002939B6 /* HXNotesTests */ = {
			isa = PBXGroup;
			children = (
				C0AAE14A1EA2BD13002939B6 /* HXNotesTests.swift */,
				C0AAE14C1EA2BD13002939B6 /* Info.plist */,
			);
			path = HXNotesTests;
			sourceTree = "<group>";
		};
		C0AAE1541EA2BD13002939B6 /* HXNotesUITests */ = {
			isa = PBXGroup;
			children = (
				C0AAE1551EA2BD13002939B6 /* HXNotesUITests.swift */,
				C0AAE1571EA2BD13002939B6 /* Info.plist */,
			);
			path = HXNotesUITests;
			sourceTree = "<group>";
		};
		C0D3649A1ECB8DDE004C43BB /* Course Functionality */ = {
			isa = PBXGroup;
			children = (
				C0D3649B1ECB8DF8004C43BB /* CourseViewController.swift */,
				C0270DA21ECB9BA1002FE1B2 /* Views */,
			);
			name = "Course Functionality";
			sourceTree = "<group>";
		};
		C0D687BE1EA4948A00BF1D05 /* Calendar Functionality */ = {
			isa = PBXGroup;
			children = (
				C0D235ED1EA5369B00AB039A /* CalendarViewController.swift */,
				C07EE84A1EA8426700B87035 /* Views */,
			);
			name = "Calendar Functionality";
			sourceTree = "<group>";
		};
		C0FD66861ECC1D0E00937843 /* NIB Templates */ = {
			isa = PBXGroup;
			children = (
				C0FD6C251EC273DA00338F1C /* HXCourseBox.xib */,
				C095D7821EB9578700BBE7CB /* HXCourseEditBox.xib */,
				C0D68CFC1EA6943F009B06E3 /* HXCourseDragBox.xib */,
			);
			name = "NIB Templates";
			sourceTree = "<group>";
		};
		C0FD6C211EC273AB00338F1C /* Views */ = {
			isa = PBXGroup;
			children = (
				C025FDA21EC2E29B0090A287 /* HXLectureLedger.swift */,
				C0B68EF61EC3EA1E00E86439 /* HXWeekBox.swift */,
				C03FA6771ED2A6D900D8FA0B /* HXLectureView.swift */,
				C0B92E9C1EC951D700F44A3C /* HXNonScrollView.swift */,
				C0D33D3E1ED250F70051B25C /* HXBottomBufferView.swift */,
				C0D1A16C1ECAF96D006A17B2 /* HXFlippedClipView.swift */,
				C0E96E731ED7641000705A35 /* HXTextView.swift */,
				C0FD6C241EC273C600338F1C /* NIB Templates */,
			);
			name = Views;
			sourceTree = "<group>";
		};
		C0FD6C241EC273C600338F1C /* NIB Templates */ = {
			isa = PBXGroup;
			children = (
				C0009E2A1EC43BE200C80642 /* HXLectureView.xib */,
				C025FD9A1EC2A4970090A287 /* HXLectureLedger.xib */,
				C025FD9C1EC2A68F0090A287 /* HXWeekDividerBox.xib */,
				C0E8819F1ED66E30004974DE /* HXConfirmationBox.xib */,
			);
			name = "NIB Templates";
			sourceTree = "<group>";
		};
/* End PBXGroup section */

/* Begin PBXNativeTarget section */
		C0AAE1311EA2BD12002939B6 /* HXNotes */ = {
			isa = PBXNativeTarget;
			buildConfigurationList = C0AAE15A1EA2BD13002939B6 /* Build configuration list for PBXNativeTarget "HXNotes" */;
			buildPhases = (
				C0AAE12E1EA2BD12002939B6 /* Sources */,
				C0AAE12F1EA2BD12002939B6 /* Frameworks */,
				C0AAE1301EA2BD12002939B6 /* Resources */,
			);
			buildRules = (
			);
			dependencies = (
			);
			name = HXNotes;
			productName = HXNotes;
			productReference = C0AAE1321EA2BD12002939B6 /* HXNotes.app */;
			productType = "com.apple.product-type.application";
		};
		C0AAE1451EA2BD13002939B6 /* HXNotesTests */ = {
			isa = PBXNativeTarget;
			buildConfigurationList = C0AAE15D1EA2BD13002939B6 /* Build configuration list for PBXNativeTarget "HXNotesTests" */;
			buildPhases = (
				C0AAE1421EA2BD13002939B6 /* Sources */,
				C0AAE1431EA2BD13002939B6 /* Frameworks */,
				C0AAE1441EA2BD13002939B6 /* Resources */,
			);
			buildRules = (
			);
			dependencies = (
				C0AAE1481EA2BD13002939B6 /* PBXTargetDependency */,
			);
			name = HXNotesTests;
			productName = HXNotesTests;
			productReference = C0AAE1461EA2BD13002939B6 /* HXNotesTests.xctest */;
			productType = "com.apple.product-type.bundle.unit-test";
		};
		C0AAE1501EA2BD13002939B6 /* HXNotesUITests */ = {
			isa = PBXNativeTarget;
			buildConfigurationList = C0AAE1601EA2BD13002939B6 /* Build configuration list for PBXNativeTarget "HXNotesUITests" */;
			buildPhases = (
				C0AAE14D1EA2BD13002939B6 /* Sources */,
				C0AAE14E1EA2BD13002939B6 /* Frameworks */,
				C0AAE14F1EA2BD13002939B6 /* Resources */,
			);
			buildRules = (
			);
			dependencies = (
				C0AAE1531EA2BD13002939B6 /* PBXTargetDependency */,
			);
			name = HXNotesUITests;
			productName = HXNotesUITests;
			productReference = C0AAE1511EA2BD13002939B6 /* HXNotesUITests.xctest */;
			productType = "com.apple.product-type.bundle.ui-testing";
		};
/* End PBXNativeTarget section */

/* Begin PBXProject section */
		C0AAE12A1EA2BD12002939B6 /* Project object */ = {
			isa = PBXProject;
			attributes = {
				LastSwiftUpdateCheck = 0820;
				LastUpgradeCheck = 0820;
				ORGANIZATIONNAME = Harxer;
				TargetAttributes = {
					C0AAE1311EA2BD12002939B6 = {
						CreatedOnToolsVersion = 8.2.1;
						DevelopmentTeam = BY29N4YX97;
						ProvisioningStyle = Automatic;
					};
					C0AAE1451EA2BD13002939B6 = {
						CreatedOnToolsVersion = 8.2.1;
						DevelopmentTeam = BY29N4YX97;
						ProvisioningStyle = Automatic;
						TestTargetID = C0AAE1311EA2BD12002939B6;
					};
					C0AAE1501EA2BD13002939B6 = {
						CreatedOnToolsVersion = 8.2.1;
						DevelopmentTeam = BY29N4YX97;
						ProvisioningStyle = Automatic;
						TestTargetID = C0AAE1311EA2BD12002939B6;
					};
				};
			};
			buildConfigurationList = C0AAE12D1EA2BD12002939B6 /* Build configuration list for PBXProject "HXNotes" */;
			compatibilityVersion = "Xcode 3.2";
			developmentRegion = English;
			hasScannedForEncodings = 0;
			knownRegions = (
				en,
				Base,
			);
			mainGroup = C0AAE1291EA2BD12002939B6;
			productRefGroup = C0AAE1331EA2BD12002939B6 /* Products */;
			projectDirPath = "";
			projectRoot = "";
			targets = (
				C0AAE1311EA2BD12002939B6 /* HXNotes */,
				C0AAE1451EA2BD13002939B6 /* HXNotesTests */,
				C0AAE1501EA2BD13002939B6 /* HXNotesUITests */,
			);
		};
/* End PBXProject section */

/* Begin PBXResourcesBuildPhase section */
		C0AAE1301EA2BD12002939B6 /* Resources */ = {
			isa = PBXResourcesBuildPhase;
			buildActionMask = 2147483647;
			files = (
				C0D68CFD1EA6943F009B06E3 /* HXCourseDragBox.xib in Resources */,
				C025FD9D1EC2A68F0090A287 /* HXWeekDividerBox.xib in Resources */,
				C025FD9B1EC2A4970090A287 /* HXLectureLedger.xib in Resources */,
				C07953841EA721B90022BFCF /* HXGridBox.xib in Resources */,
				C0AAE13D1EA2BD12002939B6 /* Assets.xcassets in Resources */,
				C0009E2B1EC43BE200C80642 /* HXLectureView.xib in Resources */,
				C0AAE1401EA2BD12002939B6 /* Main.storyboard in Resources */,
				C0E881A01ED66E30004974DE /* HXConfirmationBox.xib in Resources */,
				C0FD6C261EC273DA00338F1C /* HXCourseBox.xib in Resources */,
				C095D7831EB9578700BBE7CB /* HXCourseEditBox.xib in Resources */,
			);
			runOnlyForDeploymentPostprocessing = 0;
		};
		C0AAE1441EA2BD13002939B6 /* Resources */ = {
			isa = PBXResourcesBuildPhase;
			buildActionMask = 2147483647;
			files = (
			);
			runOnlyForDeploymentPostprocessing = 0;
		};
		C0AAE14F1EA2BD13002939B6 /* Resources */ = {
			isa = PBXResourcesBuildPhase;
			buildActionMask = 2147483647;
			files = (
			);
			runOnlyForDeploymentPostprocessing = 0;
		};
/* End PBXResourcesBuildPhase section */

/* Begin PBXSourcesBuildPhase section */
		C0AAE12E1EA2BD12002939B6 /* Sources */ = {
			isa = PBXSourcesBuildPhase;
			buildActionMask = 2147483647;
			files = (
				C052EC961EB8FC6300C1FBC8 /* TempYear.swift in Sources */,
				C0FD6C231EC273C200338F1C /* HXCourseBox.swift in Sources */,
				C0B68EF71EC3EA1E00E86439 /* HXWeekBox.swift in Sources */,
				C03AF8161EB856860028BA68 /* MasterWindowController.swift in Sources */,
				C03FA6781ED2A6D900D8FA0B /* HXLectureView.swift in Sources */,
				C0D33D3F1ED250F70051B25C /* HXBottomBufferView.swift in Sources */,
				C0D235EE1EA5369B00AB039A /* CalendarViewController.swift in Sources */,
				C07F48D61EB2AF9B0010B455 /* HXYearStack.swift in Sources */,
				C0C8E9F81EB64CD300CBBF1C /* TimelineViewController.swift in Sources */,
				C05AE3141EB01BAF00A7F2F7 /* HXYearButton.swift in Sources */,
				C0B92E9D1EC951D700F44A3C /* HXNonScrollView.swift in Sources */,
				C00367081EA5851500C4DE0C /* HXCourseEditBox.swift in Sources */,
				C0AAE13B1EA2BD12002939B6 /* HXNotes.xcdatamodeld in Sources */,
				C0150EE81EA5AD6800BBBFA6 /* CourseLabel.swift in Sources */,
				C025FDA31EC2E29B0090A287 /* HXLectureLedger.swift in Sources */,
				C0D1A16D1ECAF96D006A17B2 /* HXFlippedClipView.swift in Sources */,
				C0B92E9F1EC9535700F44A3C /* LectureViewController.swift in Sources */,
				C09EBEBD1EAF20B700A6D72C /* MasterViewController.swift in Sources */,
				C0AAE1361EA2BD12002939B6 /* AppDelegate.swift in Sources */,
				C0E96E741ED7641000705A35 /* HXTextView.swift in Sources */,
				C0D687BD1EA4948400BF1D05 /* HXGridBox.swift in Sources */,
				C095D7811EB9461900BBE7CB /* EditorViewController.swift in Sources */,
				C0D3649C1ECB8DF8004C43BB /* CourseViewController.swift in Sources */,
				C0D68CFF1EA6C8CF009B06E3 /* HXCourseDragBox.swift in Sources */,
			);
			runOnlyForDeploymentPostprocessing = 0;
		};
		C0AAE1421EA2BD13002939B6 /* Sources */ = {
			isa = PBXSourcesBuildPhase;
			buildActionMask = 2147483647;
			files = (
				C0AAE14B1EA2BD13002939B6 /* HXNotesTests.swift in Sources */,
			);
			runOnlyForDeploymentPostprocessing = 0;
		};
		C0AAE14D1EA2BD13002939B6 /* Sources */ = {
			isa = PBXSourcesBuildPhase;
			buildActionMask = 2147483647;
			files = (
				C0AAE1561EA2BD13002939B6 /* HXNotesUITests.swift in Sources */,
			);
			runOnlyForDeploymentPostprocessing = 0;
		};
/* End PBXSourcesBuildPhase section */

/* Begin PBXTargetDependency section */
		C0AAE1481EA2BD13002939B6 /* PBXTargetDependency */ = {
			isa = PBXTargetDependency;
			target = C0AAE1311EA2BD12002939B6 /* HXNotes */;
			targetProxy = C0AAE1471EA2BD13002939B6 /* PBXContainerItemProxy */;
		};
		C0AAE1531EA2BD13002939B6 /* PBXTargetDependency */ = {
			isa = PBXTargetDependency;
			target = C0AAE1311EA2BD12002939B6 /* HXNotes */;
			targetProxy = C0AAE1521EA2BD13002939B6 /* PBXContainerItemProxy */;
		};
/* End PBXTargetDependency section */

/* Begin PBXVariantGroup section */
		C0AAE13E1EA2BD12002939B6 /* Main.storyboard */ = {
			isa = PBXVariantGroup;
			children = (
				C0AAE13F1EA2BD12002939B6 /* Base */,
			);
			name = Main.storyboard;
			sourceTree = "<group>";
		};
/* End PBXVariantGroup section */

/* Begin XCBuildConfiguration section */
		C0AAE1581EA2BD13002939B6 /* Debug */ = {
			isa = XCBuildConfiguration;
			buildSettings = {
				ALWAYS_SEARCH_USER_PATHS = NO;
				CLANG_ANALYZER_NONNULL = YES;
				CLANG_CXX_LANGUAGE_STANDARD = "gnu++0x";
				CLANG_CXX_LIBRARY = "libc++";
				CLANG_ENABLE_MODULES = YES;
				CLANG_ENABLE_OBJC_ARC = YES;
				CLANG_WARN_BOOL_CONVERSION = YES;
				CLANG_WARN_CONSTANT_CONVERSION = YES;
				CLANG_WARN_DIRECT_OBJC_ISA_USAGE = YES_ERROR;
				CLANG_WARN_DOCUMENTATION_COMMENTS = YES;
				CLANG_WARN_EMPTY_BODY = YES;
				CLANG_WARN_ENUM_CONVERSION = YES;
				CLANG_WARN_INFINITE_RECURSION = YES;
				CLANG_WARN_INT_CONVERSION = YES;
				CLANG_WARN_OBJC_ROOT_CLASS = YES_ERROR;
				CLANG_WARN_SUSPICIOUS_MOVE = YES;
				CLANG_WARN_UNREACHABLE_CODE = YES;
				CLANG_WARN__DUPLICATE_METHOD_MATCH = YES;
				CODE_SIGN_IDENTITY = "-";
				COPY_PHASE_STRIP = NO;
				DEBUG_INFORMATION_FORMAT = dwarf;
				ENABLE_STRICT_OBJC_MSGSEND = YES;
				ENABLE_TESTABILITY = YES;
				GCC_C_LANGUAGE_STANDARD = gnu99;
				GCC_DYNAMIC_NO_PIC = NO;
				GCC_NO_COMMON_BLOCKS = YES;
				GCC_OPTIMIZATION_LEVEL = 0;
				GCC_PREPROCESSOR_DEFINITIONS = (
					"DEBUG=1",
					"$(inherited)",
				);
				GCC_WARN_64_TO_32_BIT_CONVERSION = YES;
				GCC_WARN_ABOUT_RETURN_TYPE = YES_ERROR;
				GCC_WARN_UNDECLARED_SELECTOR = YES;
				GCC_WARN_UNINITIALIZED_AUTOS = YES_AGGRESSIVE;
				GCC_WARN_UNUSED_FUNCTION = YES;
				GCC_WARN_UNUSED_VARIABLE = YES;
				MACOSX_DEPLOYMENT_TARGET = 10.12;
				MTL_ENABLE_DEBUG_INFO = YES;
				ONLY_ACTIVE_ARCH = YES;
				SDKROOT = macosx;
				SWIFT_ACTIVE_COMPILATION_CONDITIONS = DEBUG;
				SWIFT_OPTIMIZATION_LEVEL = "-Onone";
			};
			name = Debug;
		};
		C0AAE1591EA2BD13002939B6 /* Release */ = {
			isa = XCBuildConfiguration;
			buildSettings = {
				ALWAYS_SEARCH_USER_PATHS = NO;
				CLANG_ANALYZER_NONNULL = YES;
				CLANG_CXX_LANGUAGE_STANDARD = "gnu++0x";
				CLANG_CXX_LIBRARY = "libc++";
				CLANG_ENABLE_MODULES = YES;
				CLANG_ENABLE_OBJC_ARC = YES;
				CLANG_WARN_BOOL_CONVERSION = YES;
				CLANG_WARN_CONSTANT_CONVERSION = YES;
				CLANG_WARN_DIRECT_OBJC_ISA_USAGE = YES_ERROR;
				CLANG_WARN_DOCUMENTATION_COMMENTS = YES;
				CLANG_WARN_EMPTY_BODY = YES;
				CLANG_WARN_ENUM_CONVERSION = YES;
				CLANG_WARN_INFINITE_RECURSION = YES;
				CLANG_WARN_INT_CONVERSION = YES;
				CLANG_WARN_OBJC_ROOT_CLASS = YES_ERROR;
				CLANG_WARN_SUSPICIOUS_MOVE = YES;
				CLANG_WARN_UNREACHABLE_CODE = YES;
				CLANG_WARN__DUPLICATE_METHOD_MATCH = YES;
				CODE_SIGN_IDENTITY = "-";
				COPY_PHASE_STRIP = NO;
				DEBUG_INFORMATION_FORMAT = "dwarf-with-dsym";
				ENABLE_NS_ASSERTIONS = NO;
				ENABLE_STRICT_OBJC_MSGSEND = YES;
				GCC_C_LANGUAGE_STANDARD = gnu99;
				GCC_NO_COMMON_BLOCKS = YES;
				GCC_WARN_64_TO_32_BIT_CONVERSION = YES;
				GCC_WARN_ABOUT_RETURN_TYPE = YES_ERROR;
				GCC_WARN_UNDECLARED_SELECTOR = YES;
				GCC_WARN_UNINITIALIZED_AUTOS = YES_AGGRESSIVE;
				GCC_WARN_UNUSED_FUNCTION = YES;
				GCC_WARN_UNUSED_VARIABLE = YES;
				MACOSX_DEPLOYMENT_TARGET = 10.12;
				MTL_ENABLE_DEBUG_INFO = NO;
				SDKROOT = macosx;
				SWIFT_OPTIMIZATION_LEVEL = "-Owholemodule";
			};
			name = Release;
		};
		C0AAE15B1EA2BD13002939B6 /* Debug */ = {
			isa = XCBuildConfiguration;
			buildSettings = {
				ASSETCATALOG_COMPILER_APPICON_NAME = AppIcon;
				CODE_SIGN_IDENTITY = "";
				COMBINE_HIDPI_IMAGES = YES;
				DEVELOPMENT_TEAM = BY29N4YX97;
				INFOPLIST_FILE = HXNotes/Info.plist;
				LD_RUNPATH_SEARCH_PATHS = "$(inherited) @executable_path/../Frameworks";
				PRODUCT_BUNDLE_IDENTIFIER = HB.HXNotes;
				PRODUCT_NAME = "$(TARGET_NAME)";
				SWIFT_VERSION = 3.0;
			};
			name = Debug;
		};
		C0AAE15C1EA2BD13002939B6 /* Release */ = {
			isa = XCBuildConfiguration;
			buildSettings = {
				ASSETCATALOG_COMPILER_APPICON_NAME = AppIcon;
				CODE_SIGN_IDENTITY = "";
				COMBINE_HIDPI_IMAGES = YES;
				DEVELOPMENT_TEAM = BY29N4YX97;
				INFOPLIST_FILE = HXNotes/Info.plist;
				LD_RUNPATH_SEARCH_PATHS = "$(inherited) @executable_path/../Frameworks";
				PRODUCT_BUNDLE_IDENTIFIER = HB.HXNotes;
				PRODUCT_NAME = "$(TARGET_NAME)";
				SWIFT_VERSION = 3.0;
			};
			name = Release;
		};
		C0AAE15E1EA2BD13002939B6 /* Debug */ = {
			isa = XCBuildConfiguration;
			buildSettings = {
				ALWAYS_EMBED_SWIFT_STANDARD_LIBRARIES = YES;
				BUNDLE_LOADER = "$(TEST_HOST)";
				COMBINE_HIDPI_IMAGES = YES;
				DEVELOPMENT_TEAM = BY29N4YX97;
				INFOPLIST_FILE = HXNotesTests/Info.plist;
				LD_RUNPATH_SEARCH_PATHS = "$(inherited) @executable_path/../Frameworks @loader_path/../Frameworks";
				PRODUCT_BUNDLE_IDENTIFIER = HB.HXNotesTests;
				PRODUCT_NAME = "$(TARGET_NAME)";
				SWIFT_VERSION = 3.0;
				TEST_HOST = "$(BUILT_PRODUCTS_DIR)/HXNotes.app/Contents/MacOS/HXNotes";
			};
			name = Debug;
		};
		C0AAE15F1EA2BD13002939B6 /* Release */ = {
			isa = XCBuildConfiguration;
			buildSettings = {
				ALWAYS_EMBED_SWIFT_STANDARD_LIBRARIES = YES;
				BUNDLE_LOADER = "$(TEST_HOST)";
				COMBINE_HIDPI_IMAGES = YES;
				DEVELOPMENT_TEAM = BY29N4YX97;
				INFOPLIST_FILE = HXNotesTests/Info.plist;
				LD_RUNPATH_SEARCH_PATHS = "$(inherited) @executable_path/../Frameworks @loader_path/../Frameworks";
				PRODUCT_BUNDLE_IDENTIFIER = HB.HXNotesTests;
				PRODUCT_NAME = "$(TARGET_NAME)";
				SWIFT_VERSION = 3.0;
				TEST_HOST = "$(BUILT_PRODUCTS_DIR)/HXNotes.app/Contents/MacOS/HXNotes";
			};
			name = Release;
		};
		C0AAE1611EA2BD13002939B6 /* Debug */ = {
			isa = XCBuildConfiguration;
			buildSettings = {
				ALWAYS_EMBED_SWIFT_STANDARD_LIBRARIES = YES;
				COMBINE_HIDPI_IMAGES = YES;
				DEVELOPMENT_TEAM = BY29N4YX97;
				INFOPLIST_FILE = HXNotesUITests/Info.plist;
				LD_RUNPATH_SEARCH_PATHS = "$(inherited) @executable_path/../Frameworks @loader_path/../Frameworks";
				PRODUCT_BUNDLE_IDENTIFIER = HB.HXNotesUITests;
				PRODUCT_NAME = "$(TARGET_NAME)";
				SWIFT_VERSION = 3.0;
				TEST_TARGET_NAME = HXNotes;
			};
			name = Debug;
		};
		C0AAE1621EA2BD13002939B6 /* Release */ = {
			isa = XCBuildConfiguration;
			buildSettings = {
				ALWAYS_EMBED_SWIFT_STANDARD_LIBRARIES = YES;
				COMBINE_HIDPI_IMAGES = YES;
				DEVELOPMENT_TEAM = BY29N4YX97;
				INFOPLIST_FILE = HXNotesUITests/Info.plist;
				LD_RUNPATH_SEARCH_PATHS = "$(inherited) @executable_path/../Frameworks @loader_path/../Frameworks";
				PRODUCT_BUNDLE_IDENTIFIER = HB.HXNotesUITests;
				PRODUCT_NAME = "$(TARGET_NAME)";
				SWIFT_VERSION = 3.0;
				TEST_TARGET_NAME = HXNotes;
			};
			name = Release;
		};
/* End XCBuildConfiguration section */

/* Begin XCConfigurationList section */
		C0AAE12D1EA2BD12002939B6 /* Build configuration list for PBXProject "HXNotes" */ = {
			isa = XCConfigurationList;
			buildConfigurations = (
				C0AAE1581EA2BD13002939B6 /* Debug */,
				C0AAE1591EA2BD13002939B6 /* Release */,
			);
			defaultConfigurationIsVisible = 0;
			defaultConfigurationName = Release;
		};
		C0AAE15A1EA2BD13002939B6 /* Build configuration list for PBXNativeTarget "HXNotes" */ = {
			isa = XCConfigurationList;
			buildConfigurations = (
				C0AAE15B1EA2BD13002939B6 /* Debug */,
				C0AAE15C1EA2BD13002939B6 /* Release */,
			);
			defaultConfigurationIsVisible = 0;
			defaultConfigurationName = Release;
		};
		C0AAE15D1EA2BD13002939B6 /* Build configuration list for PBXNativeTarget "HXNotesTests" */ = {
			isa = XCConfigurationList;
			buildConfigurations = (
				C0AAE15E1EA2BD13002939B6 /* Debug */,
				C0AAE15F1EA2BD13002939B6 /* Release */,
			);
			defaultConfigurationIsVisible = 0;
			defaultConfigurationName = Release;
		};
		C0AAE1601EA2BD13002939B6 /* Build configuration list for PBXNativeTarget "HXNotesUITests" */ = {
			isa = XCConfigurationList;
			buildConfigurations = (
				C0AAE1611EA2BD13002939B6 /* Debug */,
				C0AAE1621EA2BD13002939B6 /* Release */,
			);
			defaultConfigurationIsVisible = 0;
			defaultConfigurationName = Release;
		};
/* End XCConfigurationList section */

/* Begin XCVersionGroup section */
		C0AAE1391EA2BD12002939B6 /* HXNotes.xcdatamodeld */ = {
			isa = XCVersionGroup;
			children = (
				C052EC841EB8EB1A00C1FBC8 /* HXNotes 1.11.xcdatamodel */,
				C052EC831EB8E35C00C1FBC8 /* HXNotes 1.1.xcdatamodel */,
				C0AAE13A1EA2BD12002939B6 /* HXNotes.xcdatamodel */,
			);
			currentVersion = C052EC841EB8EB1A00C1FBC8 /* HXNotes 1.11.xcdatamodel */;
			path = HXNotes.xcdatamodeld;
			sourceTree = "<group>";
			versionGroupType = wrapper.xcdatamodel;
		};
/* End XCVersionGroup section */
	};
	rootObject = C0AAE12A1EA2BD12002939B6 /* Project object */;
}
